// !$*UTF8*$!
{
	archiveVersion = 1;
	classes = {
	};
	objectVersion = 46;
	objects = {

/* Begin PBXBuildFile section */
		00C302E51ABCBA2D00DB3ED1 /* libRCTActionSheet.a in Frameworks */ = {isa = PBXBuildFile; fileRef = 00C302AC1ABCB8CE00DB3ED1 /* libRCTActionSheet.a */; };
		00C302E71ABCBA2D00DB3ED1 /* libRCTGeolocation.a in Frameworks */ = {isa = PBXBuildFile; fileRef = 00C302BA1ABCB90400DB3ED1 /* libRCTGeolocation.a */; };
		00C302E81ABCBA2D00DB3ED1 /* libRCTImage.a in Frameworks */ = {isa = PBXBuildFile; fileRef = 00C302C01ABCB91800DB3ED1 /* libRCTImage.a */; };
		00C302E91ABCBA2D00DB3ED1 /* libRCTNetwork.a in Frameworks */ = {isa = PBXBuildFile; fileRef = 00C302DC1ABCB9D200DB3ED1 /* libRCTNetwork.a */; };
		00C302EA1ABCBA2D00DB3ED1 /* libRCTVibration.a in Frameworks */ = {isa = PBXBuildFile; fileRef = 00C302E41ABCB9EE00DB3ED1 /* libRCTVibration.a */; };
		00E356F31AD99517003FC87E /* smaigniteTests.m in Sources */ = {isa = PBXBuildFile; fileRef = 00E356F21AD99517003FC87E /* smaigniteTests.m */; };
		0292255583834594AAE55323 /* Times New Roman.ttf in Resources */ = {isa = PBXBuildFile; fileRef = DB3B580A535D45E2B3CEADE8 /* Times New Roman.ttf */; };
		03829668D9F04EEEA9A29038 /* EvilIcons.ttf in Resources */ = {isa = PBXBuildFile; fileRef = FF33CDC138C04CF3AC0953EB /* EvilIcons.ttf */; };
		077DB2ED8AAD4296A1AF7901 /* Arial Black.ttf in Resources */ = {isa = PBXBuildFile; fileRef = A2E57A06040F4E64BCA03CD3 /* Arial Black.ttf */; };
		0B21F7BF2AAF4B4097D923B9 /* FontAwesome.ttf in Resources */ = {isa = PBXBuildFile; fileRef = 183F98794D6948E1A70607D0 /* FontAwesome.ttf */; };
		12E408592A204661BEC82B0B /* Entypo.ttf in Resources */ = {isa = PBXBuildFile; fileRef = 9CD6E212D01447F183D5FCFA /* Entypo.ttf */; };
		133E29F31AD74F7200F7D852 /* libRCTLinking.a in Frameworks */ = {isa = PBXBuildFile; fileRef = 78C398B91ACF4ADC00677621 /* libRCTLinking.a */; };
		139105C61AF99C1200B5F7CC /* libRCTSettings.a in Frameworks */ = {isa = PBXBuildFile; fileRef = 139105C11AF99BAD00B5F7CC /* libRCTSettings.a */; };
		139FDEF61B0652A700C62182 /* libRCTWebSocket.a in Frameworks */ = {isa = PBXBuildFile; fileRef = 139FDEF41B06529B00C62182 /* libRCTWebSocket.a */; };
		13B07FBC1A68108700A75B9A /* AppDelegate.m in Sources */ = {isa = PBXBuildFile; fileRef = 13B07FB01A68108700A75B9A /* AppDelegate.m */; };
		13B07FBD1A68108700A75B9A /* LaunchScreen.xib in Resources */ = {isa = PBXBuildFile; fileRef = 13B07FB11A68108700A75B9A /* LaunchScreen.xib */; };
		13B07FBF1A68108700A75B9A /* Images.xcassets in Resources */ = {isa = PBXBuildFile; fileRef = 13B07FB51A68108700A75B9A /* Images.xcassets */; };
		13B07FC11A68108700A75B9A /* main.m in Sources */ = {isa = PBXBuildFile; fileRef = 13B07FB71A68108700A75B9A /* main.m */; };
		140ED2AC1D01E1AD002B40FF /* libReact.a in Frameworks */ = {isa = PBXBuildFile; fileRef = 146834041AC3E56700842450 /* libReact.a */; };
		146834051AC3E58100842450 /* libReact.a in Frameworks */ = {isa = PBXBuildFile; fileRef = 146834041AC3E56700842450 /* libReact.a */; };
		1538F5DB16934E9D9FA2282F /* libReactNativeConfig.a in Frameworks */ = {isa = PBXBuildFile; fileRef = 995F2397506A4E2299660898 /* libReactNativeConfig.a */; };
		16E752CF7A964E97B02C95F3 /* Octicons.ttf in Resources */ = {isa = PBXBuildFile; fileRef = A1CE745075864539BEF51EF3 /* Octicons.ttf */; };
		1AFC1DF72F4D438F837B0C32 /* Courier New.ttf in Resources */ = {isa = PBXBuildFile; fileRef = 1F6E2279DD8D440BA5077EFD /* Courier New.ttf */; };
		253E2BDD4954475CBB754B87 /* Arial.ttf in Resources */ = {isa = PBXBuildFile; fileRef = 2142DDE12C2B4326A02C8478 /* Arial.ttf */; };
		2D97EAB7E0CD437EAE397F91 /* libRCTFBLogin.a in Frameworks */ = {isa = PBXBuildFile; fileRef = A1E8A3F60A624FA6A5DA2A30 /* libRCTFBLogin.a */; };
		2E1F99F8B55F47D1B36FB070 /* MaterialIcons.ttf in Resources */ = {isa = PBXBuildFile; fileRef = B688495F847B42B1AE34DAD7 /* MaterialIcons.ttf */; };
		2E27D4EAF45F46BDA4F24446 /* FontAwesome.ttf in Resources */ = {isa = PBXBuildFile; fileRef = 1277A1A2393242958558FB99 /* FontAwesome.ttf */; };
		33EDC73596AD4B4B8C4F0729 /* SanFranciscoBold.ttf in Resources */ = {isa = PBXBuildFile; fileRef = D32FDB5D175149C295985995 /* SanFranciscoBold.ttf */; };
		39B1E5C908BF46BEA0B6B0B9 /* MaterialIcons.ttf in Resources */ = {isa = PBXBuildFile; fileRef = BADB3C49AB024AA190F065A4 /* MaterialIcons.ttf */; };
		4D3A443111534585A2F3C670 /* Zocial.ttf in Resources */ = {isa = PBXBuildFile; fileRef = 5F0CA2BA8F3641D2B67B3322 /* Zocial.ttf */; };
		554B44125F8F4ED98CBB96F1 /* Rubik-BoldItalic.ttf in Resources */ = {isa = PBXBuildFile; fileRef = 689C352696D04543B56B0783 /* Rubik-BoldItalic.ttf */; };
		5916EE5C5A994613883952C1 /* Roboto.ttf in Resources */ = {isa = PBXBuildFile; fileRef = EEDEDAAD375D4B0F856ABB59 /* Roboto.ttf */; };
		5E9157361DD0AC6A00FF2AA8 /* libRCTAnimation.a in Frameworks */ = {isa = PBXBuildFile; fileRef = 5E9157331DD0AC6500FF2AA8 /* libRCTAnimation.a */; };
		62EEEDCD27BC467482770CC5 /* SafariServices.framework in Frameworks */ = {isa = PBXBuildFile; fileRef = ABE287E379DA46059A8258A8 /* SafariServices.framework */; };
		67EF62886D894645B9174A6F /* libz.tbd in Frameworks */ = {isa = PBXBuildFile; fileRef = 161DF7C0FF8745D0B302C18A /* libz.tbd */; };
		76880EA25CDE43BD9400C609 /* Ionicons.ttf in Resources */ = {isa = PBXBuildFile; fileRef = 497A458DF89444E5AE9C3FD8 /* Ionicons.ttf */; };
		778BD62D810146F493503026 /* Rubik-Medium.ttf in Resources */ = {isa = PBXBuildFile; fileRef = 0F1D9DA5DC0749D3BD7F701B /* Rubik-Medium.ttf */; };
		77C26DD0963345B4A24DAE78 /* Entypo.ttf in Resources */ = {isa = PBXBuildFile; fileRef = 08DD9874D84C47C1966A7CFE /* Entypo.ttf */; };
		7845776BF20F46E2A1CDC130 /* Roboto_medium.ttf in Resources */ = {isa = PBXBuildFile; fileRef = DBCF880B283C47769B2E3242 /* Roboto_medium.ttf */; };
		7ACC92714C7849B18E59AEE8 /* Skia.ttf in Resources */ = {isa = PBXBuildFile; fileRef = 5783D01137574B3BB91C8C67 /* Skia.ttf */; };
		7BB3FB8606444628BD567028 /* Zocial.ttf in Resources */ = {isa = PBXBuildFile; fileRef = 7A66D20DE9F14411AC57869C /* Zocial.ttf */; };
		7E912220669A4D6CA56B008F /* Octicons.ttf in Resources */ = {isa = PBXBuildFile; fileRef = 655AE02C7D5E46778D2A4568 /* Octicons.ttf */; };
		7EB8B09FC70C4666A3971943 /* Comic Sans MS.ttf in Resources */ = {isa = PBXBuildFile; fileRef = 551B285E166241DB853A12D8 /* Comic Sans MS.ttf */; };
		832341BD1AAA6AB300B99B32 /* libRCTText.a in Frameworks */ = {isa = PBXBuildFile; fileRef = 832341B51AAA6A8300B99B32 /* libRCTText.a */; };
		86C06BBAD5604B3994ADAAF0 /* libAirMaps.a in Frameworks */ = {isa = PBXBuildFile; fileRef = BD697A8D45104D679757C0DF /* libAirMaps.a */; };
		87A55161973A4CEE9E0C5FC3 /* SystemConfiguration.framework in Frameworks */ = {isa = PBXBuildFile; fileRef = FDDB77F7CA0041969E415666 /* SystemConfiguration.framework */; };
		8C748755094040A5BCF5123D /* Rubik-Italic.ttf in Resources */ = {isa = PBXBuildFile; fileRef = 0D3787D8AD844491A2508D06 /* Rubik-Italic.ttf */; };
		8CB96D2E357C4114BBD676DB /* Foundation.ttf in Resources */ = {isa = PBXBuildFile; fileRef = 5D559DC2BA694FFEA94F4A99 /* Foundation.ttf */; };
		8E5CC1D5707848A592010D25 /* Georgia.ttf in Resources */ = {isa = PBXBuildFile; fileRef = B20481342F4344F0A73E82D9 /* Georgia.ttf */; };
		9284E36C1E79681D001692C6 /* FBSDKCoreKit.framework in Frameworks */ = {isa = PBXBuildFile; fileRef = 9284E3691E79681D001692C6 /* FBSDKCoreKit.framework */; };
		9284E36D1E79681D001692C6 /* FBSDKLoginKit.framework in Frameworks */ = {isa = PBXBuildFile; fileRef = 9284E36A1E79681D001692C6 /* FBSDKLoginKit.framework */; };
		9284E36E1E79681D001692C6 /* FBSDKShareKit.framework in Frameworks */ = {isa = PBXBuildFile; fileRef = 9284E36B1E79681D001692C6 /* FBSDKShareKit.framework */; };
		94F4C53458F54AB1B4C38818 /* SF-UI-Text-Regular.otf in Resources */ = {isa = PBXBuildFile; fileRef = 4780029ACFF64811AD7AF837 /* SF-UI-Text-Regular.otf */; };
		9E906E3239B947D7B1B4020D /* libRNVectorIcons.a in Frameworks */ = {isa = PBXBuildFile; fileRef = 0F624D34D4E948DEBE47EA68 /* libRNVectorIcons.a */; };
		9EC28125C855410CA1DD4CA5 /* AddressBook.framework in Frameworks */ = {isa = PBXBuildFile; fileRef = 8726F9465C03436E903E98C6 /* AddressBook.framework */; };
		9F3450AC3B784E32B52A67EF /* Rubik-Light.ttf in Resources */ = {isa = PBXBuildFile; fileRef = 430523AADEDC4427B79B76B3 /* Rubik-Light.ttf */; };
		A32BA1D100F1429B81F6F61B /* Rubik-Black.ttf in Resources */ = {isa = PBXBuildFile; fileRef = F82074F947784882AFC7F932 /* Rubik-Black.ttf */; };
		A50D992948814118B4EB2DAB /* Foundation.ttf in Resources */ = {isa = PBXBuildFile; fileRef = 2C0A5A79CC3C423B8D06F4D9 /* Foundation.ttf */; };
		B63A938AD9A14D6DA1C2BECE /* rubicon-icon-font.ttf in Resources */ = {isa = PBXBuildFile; fileRef = B718CCFBEB614105ABF6EEC4 /* rubicon-icon-font.ttf */; };
		B6BCDBD1ED3A44BA9A831256 /* Rubik-Bold.ttf in Resources */ = {isa = PBXBuildFile; fileRef = CDB80045F29A4F62B293061F /* Rubik-Bold.ttf */; };
		C1F82A32CEFC4B61A9EE860C /* EvilIcons.ttf in Resources */ = {isa = PBXBuildFile; fileRef = C4020AAA33F145269CFF8C55 /* EvilIcons.ttf */; };
		C5F24DB8CF3544E7A916F1C6 /* Rubik-Regular.ttf in Resources */ = {isa = PBXBuildFile; fileRef = 72EDE904DD1C461DA2814091 /* Rubik-Regular.ttf */; };
		C9A5A994677B48939961B914 /* Rubik-BlackItalic.ttf in Resources */ = {isa = PBXBuildFile; fileRef = 9C1ADD79A6A142EE97CC00BA /* Rubik-BlackItalic.ttf */; };
		CCFE92DAF16549D3BAB1D0CB /* SanFrancisco.ttf in Resources */ = {isa = PBXBuildFile; fileRef = 0189AA94B39C4DA29BE46CFA /* SanFrancisco.ttf */; };
		CE866F90A4354DE88A35568C /* Andale Mono.ttf in Resources */ = {isa = PBXBuildFile; fileRef = 1AF0CE6121D94B2EB31F584D /* Andale Mono.ttf */; };
		CFEC4A44D17846D3B694CB77 /* libRNI18n.a in Frameworks */ = {isa = PBXBuildFile; fileRef = C9B05E2191E8416C8DCE95F5 /* libRNI18n.a */; };
		D3DA0C5F0D344A2E9B915989 /* Ionicons.ttf in Resources */ = {isa = PBXBuildFile; fileRef = DDCA1175AC1B4718B0C08CF7 /* Ionicons.ttf */; };
		D5BB6E6EF97244618642E25E /* Microsoft Sans Serif.ttf in Resources */ = {isa = PBXBuildFile; fileRef = 2DD31DAB1F1B407080690C23 /* Microsoft Sans Serif.ttf */; };
		DEAB54EF18264224A9F8E161 /* Rubik-MediumItalic.ttf in Resources */ = {isa = PBXBuildFile; fileRef = BC0D0E1EC3B04058A1EA306D /* Rubik-MediumItalic.ttf */; };
		EBB6FD1801C1474BAD2F22C9 /* SimpleLineIcons.ttf in Resources */ = {isa = PBXBuildFile; fileRef = 352C4343180140F3BE7DA927 /* SimpleLineIcons.ttf */; };
		EF7AFB07EDB946A0913BFBFC /* libRNDeviceInfo.a in Frameworks */ = {isa = PBXBuildFile; fileRef = 806E7A018D8741AA97122B5C /* libRNDeviceInfo.a */; };
		F94E82C1A672494C954A63B5 /* SanFranciscoThin.ttf in Resources */ = {isa = PBXBuildFile; fileRef = AAD44C7FC44549A9BFE17CE0 /* SanFranciscoThin.ttf */; };
		FE820B31E17A4121A7ADC922 /* Rubik-LightItalic.ttf in Resources */ = {isa = PBXBuildFile; fileRef = 39EE8D7E009D4B98922001BB /* Rubik-LightItalic.ttf */; };
/* End PBXBuildFile section */

/* Begin PBXContainerItemProxy section */
		00C302AB1ABCB8CE00DB3ED1 /* PBXContainerItemProxy */ = {
			isa = PBXContainerItemProxy;
			containerPortal = 00C302A71ABCB8CE00DB3ED1 /* RCTActionSheet.xcodeproj */;
			proxyType = 2;
			remoteGlobalIDString = 134814201AA4EA6300B7C361;
			remoteInfo = RCTActionSheet;
		};
		00C302B91ABCB90400DB3ED1 /* PBXContainerItemProxy */ = {
			isa = PBXContainerItemProxy;
			containerPortal = 00C302B51ABCB90400DB3ED1 /* RCTGeolocation.xcodeproj */;
			proxyType = 2;
			remoteGlobalIDString = 134814201AA4EA6300B7C361;
			remoteInfo = RCTGeolocation;
		};
		00C302BF1ABCB91800DB3ED1 /* PBXContainerItemProxy */ = {
			isa = PBXContainerItemProxy;
			containerPortal = 00C302BB1ABCB91800DB3ED1 /* RCTImage.xcodeproj */;
			proxyType = 2;
			remoteGlobalIDString = 58B5115D1A9E6B3D00147676;
			remoteInfo = RCTImage;
		};
		00C302DB1ABCB9D200DB3ED1 /* PBXContainerItemProxy */ = {
			isa = PBXContainerItemProxy;
			containerPortal = 00C302D31ABCB9D200DB3ED1 /* RCTNetwork.xcodeproj */;
			proxyType = 2;
			remoteGlobalIDString = 58B511DB1A9E6C8500147676;
			remoteInfo = RCTNetwork;
		};
		00C302E31ABCB9EE00DB3ED1 /* PBXContainerItemProxy */ = {
			isa = PBXContainerItemProxy;
			containerPortal = 00C302DF1ABCB9EE00DB3ED1 /* RCTVibration.xcodeproj */;
			proxyType = 2;
			remoteGlobalIDString = 832C81801AAF6DEF007FA2F7;
			remoteInfo = RCTVibration;
		};
		00E356F41AD99517003FC87E /* PBXContainerItemProxy */ = {
			isa = PBXContainerItemProxy;
			containerPortal = 83CBB9F71A601CBA00E9B192 /* Project object */;
			proxyType = 1;
			remoteGlobalIDString = 13B07F861A680F5B00A75B9A;
			remoteInfo = smaignite;
		};
		139105C01AF99BAD00B5F7CC /* PBXContainerItemProxy */ = {
			isa = PBXContainerItemProxy;
			containerPortal = 139105B61AF99BAD00B5F7CC /* RCTSettings.xcodeproj */;
			proxyType = 2;
			remoteGlobalIDString = 134814201AA4EA6300B7C361;
			remoteInfo = RCTSettings;
		};
		139FDEF31B06529B00C62182 /* PBXContainerItemProxy */ = {
			isa = PBXContainerItemProxy;
			containerPortal = 139FDEE61B06529A00C62182 /* RCTWebSocket.xcodeproj */;
			proxyType = 2;
			remoteGlobalIDString = 3C86DF461ADF2C930047B81A;
			remoteInfo = RCTWebSocket;
		};
		146834031AC3E56700842450 /* PBXContainerItemProxy */ = {
			isa = PBXContainerItemProxy;
			containerPortal = 146833FF1AC3E56700842450 /* React.xcodeproj */;
			proxyType = 2;
			remoteGlobalIDString = 83CBBA2E1A601D0E00E9B192;
			remoteInfo = React;
		};
		5E9157321DD0AC6500FF2AA8 /* PBXContainerItemProxy */ = {
			isa = PBXContainerItemProxy;
			containerPortal = 5E91572D1DD0AC6500FF2AA8 /* RCTAnimation.xcodeproj */;
			proxyType = 2;
			remoteGlobalIDString = 134814201AA4EA6300B7C361;
			remoteInfo = RCTAnimation;
		};
		5E9157341DD0AC6500FF2AA8 /* PBXContainerItemProxy */ = {
			isa = PBXContainerItemProxy;
			containerPortal = 5E91572D1DD0AC6500FF2AA8 /* RCTAnimation.xcodeproj */;
			proxyType = 2;
			remoteGlobalIDString = 2D2A28201D9B03D100D4039D;
			remoteInfo = "RCTAnimation-tvOS";
		};
		78C398B81ACF4ADC00677621 /* PBXContainerItemProxy */ = {
			isa = PBXContainerItemProxy;
			containerPortal = 78C398B01ACF4ADC00677621 /* RCTLinking.xcodeproj */;
			proxyType = 2;
			remoteGlobalIDString = 134814201AA4EA6300B7C361;
			remoteInfo = RCTLinking;
		};
		832341B41AAA6A8300B99B32 /* PBXContainerItemProxy */ = {
			isa = PBXContainerItemProxy;
			containerPortal = 832341B01AAA6A8300B99B32 /* RCTText.xcodeproj */;
			proxyType = 2;
			remoteGlobalIDString = 58B5119B1A9E6C1200147676;
			remoteInfo = RCTText;
		};
		9284E32D1E79674B001692C6 /* PBXContainerItemProxy */ = {
			isa = PBXContainerItemProxy;
			containerPortal = FB29F82EE29849EF80BD4AD2 /* AirMaps.xcodeproj */;
			proxyType = 2;
			remoteGlobalIDString = 11FA5C511C4A1296003AC2EE;
			remoteInfo = AirMaps;
		};
		9284E3331E79674B001692C6 /* PBXContainerItemProxy */ = {
			isa = PBXContainerItemProxy;
			containerPortal = C51A3F83A30A4760851E778C /* RCTFBLogin.xcodeproj */;
			proxyType = 2;
			remoteGlobalIDString = 4F3A6B5B1ACFBCC500CA65F7;
			remoteInfo = RCTFBLogin;
		};
		9284E3381E79674B001692C6 /* PBXContainerItemProxy */ = {
			isa = PBXContainerItemProxy;
			containerPortal = 00C302BB1ABCB91800DB3ED1 /* RCTImage.xcodeproj */;
			proxyType = 2;
			remoteGlobalIDString = 2D2A283A1D9B042B00D4039D;
			remoteInfo = "RCTImage-tvOS";
		};
		9284E33C1E79674B001692C6 /* PBXContainerItemProxy */ = {
			isa = PBXContainerItemProxy;
			containerPortal = 78C398B01ACF4ADC00677621 /* RCTLinking.xcodeproj */;
			proxyType = 2;
			remoteGlobalIDString = 2D2A28471D9B043800D4039D;
			remoteInfo = "RCTLinking-tvOS";
		};
		9284E3401E79674B001692C6 /* PBXContainerItemProxy */ = {
			isa = PBXContainerItemProxy;
			containerPortal = 00C302D31ABCB9D200DB3ED1 /* RCTNetwork.xcodeproj */;
			proxyType = 2;
			remoteGlobalIDString = 2D2A28541D9B044C00D4039D;
			remoteInfo = "RCTNetwork-tvOS";
		};
		9284E3441E79674B001692C6 /* PBXContainerItemProxy */ = {
			isa = PBXContainerItemProxy;
			containerPortal = 139105B61AF99BAD00B5F7CC /* RCTSettings.xcodeproj */;
			proxyType = 2;
			remoteGlobalIDString = 2D2A28611D9B046600D4039D;
			remoteInfo = "RCTSettings-tvOS";
		};
		9284E3481E79674B001692C6 /* PBXContainerItemProxy */ = {
			isa = PBXContainerItemProxy;
			containerPortal = 832341B01AAA6A8300B99B32 /* RCTText.xcodeproj */;
			proxyType = 2;
			remoteGlobalIDString = 2D2A287B1D9B048500D4039D;
			remoteInfo = "RCTText-tvOS";
		};
		9284E34D1E79674B001692C6 /* PBXContainerItemProxy */ = {
			isa = PBXContainerItemProxy;
			containerPortal = 139FDEE61B06529A00C62182 /* RCTWebSocket.xcodeproj */;
			proxyType = 2;
			remoteGlobalIDString = 2D2A28881D9B049200D4039D;
			remoteInfo = "RCTWebSocket-tvOS";
		};
		9284E3511E79674B001692C6 /* PBXContainerItemProxy */ = {
			isa = PBXContainerItemProxy;
			containerPortal = 146833FF1AC3E56700842450 /* React.xcodeproj */;
			proxyType = 2;
			remoteGlobalIDString = 2D2A28131D9B038B00D4039D;
			remoteInfo = "React-tvOS";
		};
		9284E3541E79674B001692C6 /* PBXContainerItemProxy */ = {
			isa = PBXContainerItemProxy;
			containerPortal = E6710A9189E84BAC95F5CB0B /* ReactNativeConfig.xcodeproj */;
			proxyType = 2;
			remoteGlobalIDString = EB2648DF1C7BE17A00B8F155;
			remoteInfo = ReactNativeConfig;
		};
		9284E3571E79674B001692C6 /* PBXContainerItemProxy */ = {
			isa = PBXContainerItemProxy;
			containerPortal = 95ACD57653914ECBB9B0FB09 /* RNDeviceInfo.xcodeproj */;
			proxyType = 2;
			remoteGlobalIDString = DA5891D81BA9A9FC002B4DB2;
			remoteInfo = RNDeviceInfo;
		};
		9284E35E1E79674C001692C6 /* PBXContainerItemProxy */ = {
			isa = PBXContainerItemProxy;
			containerPortal = 3F7502D3AB984A3C878CEBF5 /* RNI18n.xcodeproj */;
			proxyType = 2;
			remoteGlobalIDString = CDD7BF781B2D5125006FDA75;
			remoteInfo = RNI18n;
		};
		9284E3601E79674C001692C6 /* PBXContainerItemProxy */ = {
			isa = PBXContainerItemProxy;
			containerPortal = 3F7502D3AB984A3C878CEBF5 /* RNI18n.xcodeproj */;
			proxyType = 2;
			remoteGlobalIDString = CDD7BF831B2D5126006FDA75;
			remoteInfo = RNI18nTests;
		};
		9284E3631E79674C001692C6 /* PBXContainerItemProxy */ = {
			isa = PBXContainerItemProxy;
			containerPortal = 4141EA76387244C69B60A0D8 /* RNVectorIcons.xcodeproj */;
			proxyType = 2;
			remoteGlobalIDString = 5DBEB1501B18CEA900B34395;
			remoteInfo = RNVectorIcons;
		};
/* End PBXContainerItemProxy section */

/* Begin PBXFileReference section */
		008F07F21AC5B25A0029DE68 /* main.jsbundle */ = {isa = PBXFileReference; fileEncoding = 4; lastKnownFileType = text; path = main.jsbundle; sourceTree = "<group>"; };
		00C302A71ABCB8CE00DB3ED1 /* RCTActionSheet.xcodeproj */ = {isa = PBXFileReference; lastKnownFileType = "wrapper.pb-project"; name = RCTActionSheet.xcodeproj; path = "../node_modules/react-native/Libraries/ActionSheetIOS/RCTActionSheet.xcodeproj"; sourceTree = "<group>"; };
		00C302B51ABCB90400DB3ED1 /* RCTGeolocation.xcodeproj */ = {isa = PBXFileReference; lastKnownFileType = "wrapper.pb-project"; name = RCTGeolocation.xcodeproj; path = "../node_modules/react-native/Libraries/Geolocation/RCTGeolocation.xcodeproj"; sourceTree = "<group>"; };
		00C302BB1ABCB91800DB3ED1 /* RCTImage.xcodeproj */ = {isa = PBXFileReference; lastKnownFileType = "wrapper.pb-project"; name = RCTImage.xcodeproj; path = "../node_modules/react-native/Libraries/Image/RCTImage.xcodeproj"; sourceTree = "<group>"; };
		00C302D31ABCB9D200DB3ED1 /* RCTNetwork.xcodeproj */ = {isa = PBXFileReference; lastKnownFileType = "wrapper.pb-project"; name = RCTNetwork.xcodeproj; path = "../node_modules/react-native/Libraries/Network/RCTNetwork.xcodeproj"; sourceTree = "<group>"; };
		00C302DF1ABCB9EE00DB3ED1 /* RCTVibration.xcodeproj */ = {isa = PBXFileReference; lastKnownFileType = "wrapper.pb-project"; name = RCTVibration.xcodeproj; path = "../node_modules/react-native/Libraries/Vibration/RCTVibration.xcodeproj"; sourceTree = "<group>"; };
		00E356EE1AD99517003FC87E /* smaigniteTests.xctest */ = {isa = PBXFileReference; explicitFileType = wrapper.cfbundle; includeInIndex = 0; path = smaigniteTests.xctest; sourceTree = BUILT_PRODUCTS_DIR; };
		00E356F11AD99517003FC87E /* Info.plist */ = {isa = PBXFileReference; lastKnownFileType = text.plist.xml; path = Info.plist; sourceTree = "<group>"; };
		00E356F21AD99517003FC87E /* smaigniteTests.m */ = {isa = PBXFileReference; lastKnownFileType = sourcecode.c.objc; path = smaigniteTests.m; sourceTree = "<group>"; };
		0189AA94B39C4DA29BE46CFA /* SanFrancisco.ttf */ = {isa = PBXFileReference; explicitFileType = undefined; fileEncoding = 9; includeInIndex = 0; lastKnownFileType = unknown; name = SanFrancisco.ttf; path = "../node_modules/native-base/Fonts/SanFrancisco.ttf"; sourceTree = "<group>"; };
		08DD9874D84C47C1966A7CFE /* Entypo.ttf */ = {isa = PBXFileReference; explicitFileType = undefined; fileEncoding = 9; includeInIndex = 0; lastKnownFileType = unknown; name = Entypo.ttf; path = "../node_modules/native-base/Fonts/Entypo.ttf"; sourceTree = "<group>"; };
		0D3787D8AD844491A2508D06 /* Rubik-Italic.ttf */ = {isa = PBXFileReference; explicitFileType = undefined; fileEncoding = 9; includeInIndex = 0; lastKnownFileType = unknown; name = "Rubik-Italic.ttf"; path = "../node_modules/native-base/Fonts/Rubik-Italic.ttf"; sourceTree = "<group>"; };
		0F1D9DA5DC0749D3BD7F701B /* Rubik-Medium.ttf */ = {isa = PBXFileReference; explicitFileType = undefined; fileEncoding = 9; includeInIndex = 0; lastKnownFileType = unknown; name = "Rubik-Medium.ttf"; path = "../node_modules/native-base/Fonts/Rubik-Medium.ttf"; sourceTree = "<group>"; };
		0F624D34D4E948DEBE47EA68 /* libRNVectorIcons.a */ = {isa = PBXFileReference; explicitFileType = undefined; fileEncoding = 9; includeInIndex = 0; lastKnownFileType = archive.ar; path = libRNVectorIcons.a; sourceTree = "<group>"; };
		1277A1A2393242958558FB99 /* FontAwesome.ttf */ = {isa = PBXFileReference; explicitFileType = undefined; fileEncoding = 9; includeInIndex = 0; lastKnownFileType = unknown; name = FontAwesome.ttf; path = "../node_modules/react-native-vector-icons/Fonts/FontAwesome.ttf"; sourceTree = "<group>"; };
		139105B61AF99BAD00B5F7CC /* RCTSettings.xcodeproj */ = {isa = PBXFileReference; lastKnownFileType = "wrapper.pb-project"; name = RCTSettings.xcodeproj; path = "../node_modules/react-native/Libraries/Settings/RCTSettings.xcodeproj"; sourceTree = "<group>"; };
		139FDEE61B06529A00C62182 /* RCTWebSocket.xcodeproj */ = {isa = PBXFileReference; lastKnownFileType = "wrapper.pb-project"; name = RCTWebSocket.xcodeproj; path = "../node_modules/react-native/Libraries/WebSocket/RCTWebSocket.xcodeproj"; sourceTree = "<group>"; };
		13B07F961A680F5B00A75B9A /* smaignite.app */ = {isa = PBXFileReference; explicitFileType = wrapper.application; includeInIndex = 0; path = smaignite.app; sourceTree = BUILT_PRODUCTS_DIR; };
		13B07FAF1A68108700A75B9A /* AppDelegate.h */ = {isa = PBXFileReference; fileEncoding = 4; lastKnownFileType = sourcecode.c.h; name = AppDelegate.h; path = smaignite/AppDelegate.h; sourceTree = "<group>"; };
		13B07FB01A68108700A75B9A /* AppDelegate.m */ = {isa = PBXFileReference; fileEncoding = 4; lastKnownFileType = sourcecode.c.objc; name = AppDelegate.m; path = smaignite/AppDelegate.m; sourceTree = "<group>"; };
		13B07FB21A68108700A75B9A /* Base */ = {isa = PBXFileReference; lastKnownFileType = file.xib; name = Base; path = Base.lproj/LaunchScreen.xib; sourceTree = "<group>"; };
		13B07FB51A68108700A75B9A /* Images.xcassets */ = {isa = PBXFileReference; lastKnownFileType = folder.assetcatalog; name = Images.xcassets; path = smaignite/Images.xcassets; sourceTree = "<group>"; };
		13B07FB61A68108700A75B9A /* Info.plist */ = {isa = PBXFileReference; fileEncoding = 4; lastKnownFileType = text.plist.xml; name = Info.plist; path = smaignite/Info.plist; sourceTree = "<group>"; };
		13B07FB71A68108700A75B9A /* main.m */ = {isa = PBXFileReference; fileEncoding = 4; lastKnownFileType = sourcecode.c.objc; name = main.m; path = smaignite/main.m; sourceTree = "<group>"; };
		146833FF1AC3E56700842450 /* React.xcodeproj */ = {isa = PBXFileReference; lastKnownFileType = "wrapper.pb-project"; name = React.xcodeproj; path = "../node_modules/react-native/React/React.xcodeproj"; sourceTree = "<group>"; };
		161DF7C0FF8745D0B302C18A /* libz.tbd */ = {isa = PBXFileReference; explicitFileType = undefined; fileEncoding = 9; includeInIndex = 0; lastKnownFileType = "sourcecode.text-based-dylib-definition"; name = libz.tbd; path = usr/lib/libz.tbd; sourceTree = SDKROOT; };
		183F98794D6948E1A70607D0 /* FontAwesome.ttf */ = {isa = PBXFileReference; explicitFileType = undefined; fileEncoding = 9; includeInIndex = 0; lastKnownFileType = unknown; name = FontAwesome.ttf; path = "../node_modules/native-base/Fonts/FontAwesome.ttf"; sourceTree = "<group>"; };
		1AF0CE6121D94B2EB31F584D /* Andale Mono.ttf */ = {isa = PBXFileReference; explicitFileType = undefined; fileEncoding = 9; includeInIndex = 0; lastKnownFileType = unknown; name = "Andale Mono.ttf"; path = "../node_modules/native-base/Fonts/Andale Mono.ttf"; sourceTree = "<group>"; };
		1F6E2279DD8D440BA5077EFD /* Courier New.ttf */ = {isa = PBXFileReference; explicitFileType = undefined; fileEncoding = 9; includeInIndex = 0; lastKnownFileType = unknown; name = "Courier New.ttf"; path = "../node_modules/native-base/Fonts/Courier New.ttf"; sourceTree = "<group>"; };
		2142DDE12C2B4326A02C8478 /* Arial.ttf */ = {isa = PBXFileReference; explicitFileType = undefined; fileEncoding = 9; includeInIndex = 0; lastKnownFileType = unknown; name = Arial.ttf; path = "../node_modules/native-base/Fonts/Arial.ttf"; sourceTree = "<group>"; };
		2C0A5A79CC3C423B8D06F4D9 /* Foundation.ttf */ = {isa = PBXFileReference; explicitFileType = undefined; fileEncoding = 9; includeInIndex = 0; lastKnownFileType = unknown; name = Foundation.ttf; path = "../node_modules/react-native-vector-icons/Fonts/Foundation.ttf"; sourceTree = "<group>"; };
		2DD31DAB1F1B407080690C23 /* Microsoft Sans Serif.ttf */ = {isa = PBXFileReference; explicitFileType = undefined; fileEncoding = 9; includeInIndex = 0; lastKnownFileType = unknown; name = "Microsoft Sans Serif.ttf"; path = "../node_modules/native-base/Fonts/Microsoft Sans Serif.ttf"; sourceTree = "<group>"; };
		352C4343180140F3BE7DA927 /* SimpleLineIcons.ttf */ = {isa = PBXFileReference; explicitFileType = undefined; fileEncoding = 9; includeInIndex = 0; lastKnownFileType = unknown; name = SimpleLineIcons.ttf; path = "../node_modules/react-native-vector-icons/Fonts/SimpleLineIcons.ttf"; sourceTree = "<group>"; };
		39EE8D7E009D4B98922001BB /* Rubik-LightItalic.ttf */ = {isa = PBXFileReference; explicitFileType = undefined; fileEncoding = 9; includeInIndex = 0; lastKnownFileType = unknown; name = "Rubik-LightItalic.ttf"; path = "../node_modules/native-base/Fonts/Rubik-LightItalic.ttf"; sourceTree = "<group>"; };
		3F7502D3AB984A3C878CEBF5 /* RNI18n.xcodeproj */ = {isa = PBXFileReference; explicitFileType = undefined; fileEncoding = 9; includeInIndex = 0; lastKnownFileType = "wrapper.pb-project"; name = RNI18n.xcodeproj; path = "../node_modules/react-native-i18n/RNI18n.xcodeproj"; sourceTree = "<group>"; };
		4141EA76387244C69B60A0D8 /* RNVectorIcons.xcodeproj */ = {isa = PBXFileReference; explicitFileType = undefined; fileEncoding = 9; includeInIndex = 0; lastKnownFileType = "wrapper.pb-project"; name = RNVectorIcons.xcodeproj; path = "../node_modules/react-native-vector-icons/RNVectorIcons.xcodeproj"; sourceTree = "<group>"; };
		430523AADEDC4427B79B76B3 /* Rubik-Light.ttf */ = {isa = PBXFileReference; explicitFileType = undefined; fileEncoding = 9; includeInIndex = 0; lastKnownFileType = unknown; name = "Rubik-Light.ttf"; path = "../node_modules/native-base/Fonts/Rubik-Light.ttf"; sourceTree = "<group>"; };
		4780029ACFF64811AD7AF837 /* SF-UI-Text-Regular.otf */ = {isa = PBXFileReference; explicitFileType = undefined; fileEncoding = 9; includeInIndex = 0; lastKnownFileType = unknown; name = "SF-UI-Text-Regular.otf"; path = "../node_modules/native-base/Fonts/SF-UI-Text-Regular.otf"; sourceTree = "<group>"; };
		497A458DF89444E5AE9C3FD8 /* Ionicons.ttf */ = {isa = PBXFileReference; explicitFileType = undefined; fileEncoding = 9; includeInIndex = 0; lastKnownFileType = unknown; name = Ionicons.ttf; path = "../node_modules/react-native-vector-icons/Fonts/Ionicons.ttf"; sourceTree = "<group>"; };
		551B285E166241DB853A12D8 /* Comic Sans MS.ttf */ = {isa = PBXFileReference; explicitFileType = undefined; fileEncoding = 9; includeInIndex = 0; lastKnownFileType = unknown; name = "Comic Sans MS.ttf"; path = "../node_modules/native-base/Fonts/Comic Sans MS.ttf"; sourceTree = "<group>"; };
		5783D01137574B3BB91C8C67 /* Skia.ttf */ = {isa = PBXFileReference; explicitFileType = undefined; fileEncoding = 9; includeInIndex = 0; lastKnownFileType = unknown; name = Skia.ttf; path = "../node_modules/native-base/Fonts/Skia.ttf"; sourceTree = "<group>"; };
		5D559DC2BA694FFEA94F4A99 /* Foundation.ttf */ = {isa = PBXFileReference; explicitFileType = undefined; fileEncoding = 9; includeInIndex = 0; lastKnownFileType = unknown; name = Foundation.ttf; path = "../node_modules/native-base/Fonts/Foundation.ttf"; sourceTree = "<group>"; };
		5E91572D1DD0AC6500FF2AA8 /* RCTAnimation.xcodeproj */ = {isa = PBXFileReference; lastKnownFileType = "wrapper.pb-project"; name = RCTAnimation.xcodeproj; path = "../node_modules/react-native/Libraries/NativeAnimation/RCTAnimation.xcodeproj"; sourceTree = "<group>"; };
		5F0CA2BA8F3641D2B67B3322 /* Zocial.ttf */ = {isa = PBXFileReference; explicitFileType = undefined; fileEncoding = 9; includeInIndex = 0; lastKnownFileType = unknown; name = Zocial.ttf; path = "../node_modules/native-base/Fonts/Zocial.ttf"; sourceTree = "<group>"; };
		655AE02C7D5E46778D2A4568 /* Octicons.ttf */ = {isa = PBXFileReference; explicitFileType = undefined; fileEncoding = 9; includeInIndex = 0; lastKnownFileType = unknown; name = Octicons.ttf; path = "../node_modules/react-native-vector-icons/Fonts/Octicons.ttf"; sourceTree = "<group>"; };
		689C352696D04543B56B0783 /* Rubik-BoldItalic.ttf */ = {isa = PBXFileReference; explicitFileType = undefined; fileEncoding = 9; includeInIndex = 0; lastKnownFileType = unknown; name = "Rubik-BoldItalic.ttf"; path = "../node_modules/native-base/Fonts/Rubik-BoldItalic.ttf"; sourceTree = "<group>"; };
		72EDE904DD1C461DA2814091 /* Rubik-Regular.ttf */ = {isa = PBXFileReference; explicitFileType = undefined; fileEncoding = 9; includeInIndex = 0; lastKnownFileType = unknown; name = "Rubik-Regular.ttf"; path = "../node_modules/native-base/Fonts/Rubik-Regular.ttf"; sourceTree = "<group>"; };
		78C398B01ACF4ADC00677621 /* RCTLinking.xcodeproj */ = {isa = PBXFileReference; lastKnownFileType = "wrapper.pb-project"; name = RCTLinking.xcodeproj; path = "../node_modules/react-native/Libraries/LinkingIOS/RCTLinking.xcodeproj"; sourceTree = "<group>"; };
		7A66D20DE9F14411AC57869C /* Zocial.ttf */ = {isa = PBXFileReference; explicitFileType = undefined; fileEncoding = 9; includeInIndex = 0; lastKnownFileType = unknown; name = Zocial.ttf; path = "../node_modules/react-native-vector-icons/Fonts/Zocial.ttf"; sourceTree = "<group>"; };
		806E7A018D8741AA97122B5C /* libRNDeviceInfo.a */ = {isa = PBXFileReference; explicitFileType = undefined; fileEncoding = 9; includeInIndex = 0; lastKnownFileType = archive.ar; path = libRNDeviceInfo.a; sourceTree = "<group>"; };
		832341B01AAA6A8300B99B32 /* RCTText.xcodeproj */ = {isa = PBXFileReference; lastKnownFileType = "wrapper.pb-project"; name = RCTText.xcodeproj; path = "../node_modules/react-native/Libraries/Text/RCTText.xcodeproj"; sourceTree = "<group>"; };
		8726F9465C03436E903E98C6 /* AddressBook.framework */ = {isa = PBXFileReference; explicitFileType = undefined; fileEncoding = 9; includeInIndex = 0; lastKnownFileType = wrapper.framework; name = AddressBook.framework; path = System/Library/Frameworks/AddressBook.framework; sourceTree = SDKROOT; };
		9284E3691E79681D001692C6 /* FBSDKCoreKit.framework */ = {isa = PBXFileReference; lastKnownFileType = wrapper.framework; name = FBSDKCoreKit.framework; path = "../node_modules/react-native-facebook-login/FacebookSDK/FBSDKCoreKit.framework"; sourceTree = "<group>"; };
		9284E36A1E79681D001692C6 /* FBSDKLoginKit.framework */ = {isa = PBXFileReference; lastKnownFileType = wrapper.framework; name = FBSDKLoginKit.framework; path = "../node_modules/react-native-facebook-login/FacebookSDK/FBSDKLoginKit.framework"; sourceTree = "<group>"; };
		9284E36B1E79681D001692C6 /* FBSDKShareKit.framework */ = {isa = PBXFileReference; lastKnownFileType = wrapper.framework; name = FBSDKShareKit.framework; path = "../node_modules/react-native-facebook-login/FacebookSDK/FBSDKShareKit.framework"; sourceTree = "<group>"; };
		95ACD57653914ECBB9B0FB09 /* RNDeviceInfo.xcodeproj */ = {isa = PBXFileReference; explicitFileType = undefined; fileEncoding = 9; includeInIndex = 0; lastKnownFileType = "wrapper.pb-project"; name = RNDeviceInfo.xcodeproj; path = "../node_modules/react-native-device-info/RNDeviceInfo.xcodeproj"; sourceTree = "<group>"; };
		995F2397506A4E2299660898 /* libReactNativeConfig.a */ = {isa = PBXFileReference; explicitFileType = undefined; fileEncoding = 9; includeInIndex = 0; lastKnownFileType = archive.ar; path = libReactNativeConfig.a; sourceTree = "<group>"; };
		9C1ADD79A6A142EE97CC00BA /* Rubik-BlackItalic.ttf */ = {isa = PBXFileReference; explicitFileType = undefined; fileEncoding = 9; includeInIndex = 0; lastKnownFileType = unknown; name = "Rubik-BlackItalic.ttf"; path = "../node_modules/native-base/Fonts/Rubik-BlackItalic.ttf"; sourceTree = "<group>"; };
		9CD6E212D01447F183D5FCFA /* Entypo.ttf */ = {isa = PBXFileReference; explicitFileType = undefined; fileEncoding = 9; includeInIndex = 0; lastKnownFileType = unknown; name = Entypo.ttf; path = "../node_modules/react-native-vector-icons/Fonts/Entypo.ttf"; sourceTree = "<group>"; };
		A1CE745075864539BEF51EF3 /* Octicons.ttf */ = {isa = PBXFileReference; explicitFileType = undefined; fileEncoding = 9; includeInIndex = 0; lastKnownFileType = unknown; name = Octicons.ttf; path = "../node_modules/native-base/Fonts/Octicons.ttf"; sourceTree = "<group>"; };
		A1E8A3F60A624FA6A5DA2A30 /* libRCTFBLogin.a */ = {isa = PBXFileReference; explicitFileType = undefined; fileEncoding = 9; includeInIndex = 0; lastKnownFileType = archive.ar; path = libRCTFBLogin.a; sourceTree = "<group>"; };
		A2E57A06040F4E64BCA03CD3 /* Arial Black.ttf */ = {isa = PBXFileReference; explicitFileType = undefined; fileEncoding = 9; includeInIndex = 0; lastKnownFileType = unknown; name = "Arial Black.ttf"; path = "../node_modules/native-base/Fonts/Arial Black.ttf"; sourceTree = "<group>"; };
		AAD44C7FC44549A9BFE17CE0 /* SanFranciscoThin.ttf */ = {isa = PBXFileReference; explicitFileType = undefined; fileEncoding = 9; includeInIndex = 0; lastKnownFileType = unknown; name = SanFranciscoThin.ttf; path = "../node_modules/native-base/Fonts/SanFranciscoThin.ttf"; sourceTree = "<group>"; };
		ABE287E379DA46059A8258A8 /* SafariServices.framework */ = {isa = PBXFileReference; explicitFileType = undefined; fileEncoding = 9; includeInIndex = 0; lastKnownFileType = wrapper.framework; name = SafariServices.framework; path = System/Library/Frameworks/SafariServices.framework; sourceTree = SDKROOT; };
		B20481342F4344F0A73E82D9 /* Georgia.ttf */ = {isa = PBXFileReference; explicitFileType = undefined; fileEncoding = 9; includeInIndex = 0; lastKnownFileType = unknown; name = Georgia.ttf; path = "../node_modules/native-base/Fonts/Georgia.ttf"; sourceTree = "<group>"; };
		B688495F847B42B1AE34DAD7 /* MaterialIcons.ttf */ = {isa = PBXFileReference; explicitFileType = undefined; fileEncoding = 9; includeInIndex = 0; lastKnownFileType = unknown; name = MaterialIcons.ttf; path = "../node_modules/react-native-vector-icons/Fonts/MaterialIcons.ttf"; sourceTree = "<group>"; };
		B718CCFBEB614105ABF6EEC4 /* rubicon-icon-font.ttf */ = {isa = PBXFileReference; explicitFileType = undefined; fileEncoding = 9; includeInIndex = 0; lastKnownFileType = unknown; name = "rubicon-icon-font.ttf"; path = "../node_modules/native-base/Fonts/rubicon-icon-font.ttf"; sourceTree = "<group>"; };
		BADB3C49AB024AA190F065A4 /* MaterialIcons.ttf */ = {isa = PBXFileReference; explicitFileType = undefined; fileEncoding = 9; includeInIndex = 0; lastKnownFileType = unknown; name = MaterialIcons.ttf; path = "../node_modules/native-base/Fonts/MaterialIcons.ttf"; sourceTree = "<group>"; };
		BC0D0E1EC3B04058A1EA306D /* Rubik-MediumItalic.ttf */ = {isa = PBXFileReference; explicitFileType = undefined; fileEncoding = 9; includeInIndex = 0; lastKnownFileType = unknown; name = "Rubik-MediumItalic.ttf"; path = "../node_modules/native-base/Fonts/Rubik-MediumItalic.ttf"; sourceTree = "<group>"; };
		BD697A8D45104D679757C0DF /* libAirMaps.a */ = {isa = PBXFileReference; explicitFileType = undefined; fileEncoding = 9; includeInIndex = 0; lastKnownFileType = archive.ar; path = libAirMaps.a; sourceTree = "<group>"; };
		C4020AAA33F145269CFF8C55 /* EvilIcons.ttf */ = {isa = PBXFileReference; explicitFileType = undefined; fileEncoding = 9; includeInIndex = 0; lastKnownFileType = unknown; name = EvilIcons.ttf; path = "../node_modules/native-base/Fonts/EvilIcons.ttf"; sourceTree = "<group>"; };
		C51A3F83A30A4760851E778C /* RCTFBLogin.xcodeproj */ = {isa = PBXFileReference; explicitFileType = undefined; fileEncoding = 9; includeInIndex = 0; lastKnownFileType = "wrapper.pb-project"; name = RCTFBLogin.xcodeproj; path = "../node_modules/react-native-facebook-login/RCTFBLogin.xcodeproj"; sourceTree = "<group>"; };
		C9B05E2191E8416C8DCE95F5 /* libRNI18n.a */ = {isa = PBXFileReference; explicitFileType = undefined; fileEncoding = 9; includeInIndex = 0; lastKnownFileType = archive.ar; path = libRNI18n.a; sourceTree = "<group>"; };
		CDB80045F29A4F62B293061F /* Rubik-Bold.ttf */ = {isa = PBXFileReference; explicitFileType = undefined; fileEncoding = 9; includeInIndex = 0; lastKnownFileType = unknown; name = "Rubik-Bold.ttf"; path = "../node_modules/native-base/Fonts/Rubik-Bold.ttf"; sourceTree = "<group>"; };
		D32FDB5D175149C295985995 /* SanFranciscoBold.ttf */ = {isa = PBXFileReference; explicitFileType = undefined; fileEncoding = 9; includeInIndex = 0; lastKnownFileType = unknown; name = SanFranciscoBold.ttf; path = "../node_modules/native-base/Fonts/SanFranciscoBold.ttf"; sourceTree = "<group>"; };
		DB3B580A535D45E2B3CEADE8 /* Times New Roman.ttf */ = {isa = PBXFileReference; explicitFileType = undefined; fileEncoding = 9; includeInIndex = 0; lastKnownFileType = unknown; name = "Times New Roman.ttf"; path = "../node_modules/native-base/Fonts/Times New Roman.ttf"; sourceTree = "<group>"; };
		DBCF880B283C47769B2E3242 /* Roboto_medium.ttf */ = {isa = PBXFileReference; explicitFileType = undefined; fileEncoding = 9; includeInIndex = 0; lastKnownFileType = unknown; name = Roboto_medium.ttf; path = "../node_modules/native-base/Fonts/Roboto_medium.ttf"; sourceTree = "<group>"; };
		DDCA1175AC1B4718B0C08CF7 /* Ionicons.ttf */ = {isa = PBXFileReference; explicitFileType = undefined; fileEncoding = 9; includeInIndex = 0; lastKnownFileType = unknown; name = Ionicons.ttf; path = "../node_modules/native-base/Fonts/Ionicons.ttf"; sourceTree = "<group>"; };
		E6710A9189E84BAC95F5CB0B /* ReactNativeConfig.xcodeproj */ = {isa = PBXFileReference; explicitFileType = undefined; fileEncoding = 9; includeInIndex = 0; lastKnownFileType = "wrapper.pb-project"; name = ReactNativeConfig.xcodeproj; path = "../node_modules/react-native-config/ios/ReactNativeConfig.xcodeproj"; sourceTree = "<group>"; };
		EEDEDAAD375D4B0F856ABB59 /* Roboto.ttf */ = {isa = PBXFileReference; explicitFileType = undefined; fileEncoding = 9; includeInIndex = 0; lastKnownFileType = unknown; name = Roboto.ttf; path = "../node_modules/native-base/Fonts/Roboto.ttf"; sourceTree = "<group>"; };
		F82074F947784882AFC7F932 /* Rubik-Black.ttf */ = {isa = PBXFileReference; explicitFileType = undefined; fileEncoding = 9; includeInIndex = 0; lastKnownFileType = unknown; name = "Rubik-Black.ttf"; path = "../node_modules/native-base/Fonts/Rubik-Black.ttf"; sourceTree = "<group>"; };
		FB29F82EE29849EF80BD4AD2 /* AirMaps.xcodeproj */ = {isa = PBXFileReference; explicitFileType = undefined; fileEncoding = 9; includeInIndex = 0; lastKnownFileType = "wrapper.pb-project"; name = AirMaps.xcodeproj; path = "../node_modules/react-native-maps/ios/AirMaps.xcodeproj"; sourceTree = "<group>"; };
		FDDB77F7CA0041969E415666 /* SystemConfiguration.framework */ = {isa = PBXFileReference; explicitFileType = undefined; fileEncoding = 9; includeInIndex = 0; lastKnownFileType = wrapper.framework; name = SystemConfiguration.framework; path = System/Library/Frameworks/SystemConfiguration.framework; sourceTree = SDKROOT; };
		FF33CDC138C04CF3AC0953EB /* EvilIcons.ttf */ = {isa = PBXFileReference; explicitFileType = undefined; fileEncoding = 9; includeInIndex = 0; lastKnownFileType = unknown; name = EvilIcons.ttf; path = "../node_modules/react-native-vector-icons/Fonts/EvilIcons.ttf"; sourceTree = "<group>"; };
/* End PBXFileReference section */

/* Begin PBXFrameworksBuildPhase section */
		00E356EB1AD99517003FC87E /* Frameworks */ = {
			isa = PBXFrameworksBuildPhase;
			buildActionMask = 2147483647;
			files = (
				140ED2AC1D01E1AD002B40FF /* libReact.a in Frameworks */,
			);
			runOnlyForDeploymentPostprocessing = 0;
		};
		13B07F8C1A680F5B00A75B9A /* Frameworks */ = {
			isa = PBXFrameworksBuildPhase;
			buildActionMask = 2147483647;
			files = (
				5E9157361DD0AC6A00FF2AA8 /* libRCTAnimation.a in Frameworks */,
				146834051AC3E58100842450 /* libReact.a in Frameworks */,
				00C302E51ABCBA2D00DB3ED1 /* libRCTActionSheet.a in Frameworks */,
				00C302E71ABCBA2D00DB3ED1 /* libRCTGeolocation.a in Frameworks */,
				00C302E81ABCBA2D00DB3ED1 /* libRCTImage.a in Frameworks */,
				133E29F31AD74F7200F7D852 /* libRCTLinking.a in Frameworks */,
				00C302E91ABCBA2D00DB3ED1 /* libRCTNetwork.a in Frameworks */,
				139105C61AF99C1200B5F7CC /* libRCTSettings.a in Frameworks */,
				832341BD1AAA6AB300B99B32 /* libRCTText.a in Frameworks */,
				00C302EA1ABCBA2D00DB3ED1 /* libRCTVibration.a in Frameworks */,
				139FDEF61B0652A700C62182 /* libRCTWebSocket.a in Frameworks */,
				1538F5DB16934E9D9FA2282F /* libReactNativeConfig.a in Frameworks */,
				9284E36E1E79681D001692C6 /* FBSDKShareKit.framework in Frameworks */,
				EF7AFB07EDB946A0913BFBFC /* libRNDeviceInfo.a in Frameworks */,
				CFEC4A44D17846D3B694CB77 /* libRNI18n.a in Frameworks */,
				9284E36D1E79681D001692C6 /* FBSDKLoginKit.framework in Frameworks */,
				86C06BBAD5604B3994ADAAF0 /* libAirMaps.a in Frameworks */,
				9E906E3239B947D7B1B4020D /* libRNVectorIcons.a in Frameworks */,
				2D97EAB7E0CD437EAE397F91 /* libRCTFBLogin.a in Frameworks */,
				67EF62886D894645B9174A6F /* libz.tbd in Frameworks */,
				62EEEDCD27BC467482770CC5 /* SafariServices.framework in Frameworks */,
				9284E36C1E79681D001692C6 /* FBSDKCoreKit.framework in Frameworks */,
				87A55161973A4CEE9E0C5FC3 /* SystemConfiguration.framework in Frameworks */,
				9EC28125C855410CA1DD4CA5 /* AddressBook.framework in Frameworks */,
			);
			runOnlyForDeploymentPostprocessing = 0;
		};
/* End PBXFrameworksBuildPhase section */

/* Begin PBXGroup section */
		00C302A81ABCB8CE00DB3ED1 /* Products */ = {
			isa = PBXGroup;
			children = (
				00C302AC1ABCB8CE00DB3ED1 /* libRCTActionSheet.a */,
			);
			name = Products;
			sourceTree = "<group>";
		};
		00C302B61ABCB90400DB3ED1 /* Products */ = {
			isa = PBXGroup;
			children = (
				00C302BA1ABCB90400DB3ED1 /* libRCTGeolocation.a */,
			);
			name = Products;
			sourceTree = "<group>";
		};
		00C302BC1ABCB91800DB3ED1 /* Products */ = {
			isa = PBXGroup;
			children = (
				00C302C01ABCB91800DB3ED1 /* libRCTImage.a */,
				9284E3391E79674B001692C6 /* libRCTImage-tvOS.a */,
			);
			name = Products;
			sourceTree = "<group>";
		};
		00C302D41ABCB9D200DB3ED1 /* Products */ = {
			isa = PBXGroup;
			children = (
				00C302DC1ABCB9D200DB3ED1 /* libRCTNetwork.a */,
				9284E3411E79674B001692C6 /* libRCTNetwork-tvOS.a */,
			);
			name = Products;
			sourceTree = "<group>";
		};
		00C302E01ABCB9EE00DB3ED1 /* Products */ = {
			isa = PBXGroup;
			children = (
				00C302E41ABCB9EE00DB3ED1 /* libRCTVibration.a */,
			);
			name = Products;
			sourceTree = "<group>";
		};
		00E356EF1AD99517003FC87E /* smaigniteTests */ = {
			isa = PBXGroup;
			children = (
				00E356F21AD99517003FC87E /* smaigniteTests.m */,
				00E356F01AD99517003FC87E /* Supporting Files */,
			);
			path = smaigniteTests;
			sourceTree = "<group>";
		};
		00E356F01AD99517003FC87E /* Supporting Files */ = {
			isa = PBXGroup;
			children = (
				00E356F11AD99517003FC87E /* Info.plist */,
			);
			name = "Supporting Files";
			sourceTree = "<group>";
		};
		083B7A07037648F587475D62 /* Frameworks */ = {
			isa = PBXGroup;
			children = (
				9284E3691E79681D001692C6 /* FBSDKCoreKit.framework */,
				9284E36A1E79681D001692C6 /* FBSDKLoginKit.framework */,
				9284E36B1E79681D001692C6 /* FBSDKShareKit.framework */,
				161DF7C0FF8745D0B302C18A /* libz.tbd */,
				ABE287E379DA46059A8258A8 /* SafariServices.framework */,
				FDDB77F7CA0041969E415666 /* SystemConfiguration.framework */,
				8726F9465C03436E903E98C6 /* AddressBook.framework */,
			);
			name = Frameworks;
			sourceTree = "<group>";
		};
		139105B71AF99BAD00B5F7CC /* Products */ = {
			isa = PBXGroup;
			children = (
				139105C11AF99BAD00B5F7CC /* libRCTSettings.a */,
				9284E3451E79674B001692C6 /* libRCTSettings-tvOS.a */,
			);
			name = Products;
			sourceTree = "<group>";
		};
		139FDEE71B06529A00C62182 /* Products */ = {
			isa = PBXGroup;
			children = (
				139FDEF41B06529B00C62182 /* libRCTWebSocket.a */,
				9284E34E1E79674B001692C6 /* libRCTWebSocket-tvOS.a */,
			);
			name = Products;
			sourceTree = "<group>";
		};
		13B07FAE1A68108700A75B9A /* smaignite */ = {
			isa = PBXGroup;
			children = (
				008F07F21AC5B25A0029DE68 /* main.jsbundle */,
				13B07FAF1A68108700A75B9A /* AppDelegate.h */,
				13B07FB01A68108700A75B9A /* AppDelegate.m */,
				13B07FB51A68108700A75B9A /* Images.xcassets */,
				13B07FB61A68108700A75B9A /* Info.plist */,
				13B07FB11A68108700A75B9A /* LaunchScreen.xib */,
				13B07FB71A68108700A75B9A /* main.m */,
			);
			name = smaignite;
			sourceTree = "<group>";
		};
		146834001AC3E56700842450 /* Products */ = {
			isa = PBXGroup;
			children = (
				146834041AC3E56700842450 /* libReact.a */,
				9284E3521E79674B001692C6 /* libReact-tvOS.a */,
			);
			name = Products;
			sourceTree = "<group>";
		};
		5E91572E1DD0AC6500FF2AA8 /* Products */ = {
			isa = PBXGroup;
			children = (
				5E9157331DD0AC6500FF2AA8 /* libRCTAnimation.a */,
				5E9157351DD0AC6500FF2AA8 /* libRCTAnimation-tvOS.a */,
			);
			name = Products;
			sourceTree = "<group>";
		};
		6AE06D861F5E48F98727605B /* Resources */ = {
			isa = PBXGroup;
			children = (
				9CD6E212D01447F183D5FCFA /* Entypo.ttf */,
				FF33CDC138C04CF3AC0953EB /* EvilIcons.ttf */,
				1277A1A2393242958558FB99 /* FontAwesome.ttf */,
				2C0A5A79CC3C423B8D06F4D9 /* Foundation.ttf */,
				497A458DF89444E5AE9C3FD8 /* Ionicons.ttf */,
				B688495F847B42B1AE34DAD7 /* MaterialIcons.ttf */,
				655AE02C7D5E46778D2A4568 /* Octicons.ttf */,
				352C4343180140F3BE7DA927 /* SimpleLineIcons.ttf */,
				7A66D20DE9F14411AC57869C /* Zocial.ttf */,
				1AF0CE6121D94B2EB31F584D /* Andale Mono.ttf */,
				A2E57A06040F4E64BCA03CD3 /* Arial Black.ttf */,
				2142DDE12C2B4326A02C8478 /* Arial.ttf */,
				551B285E166241DB853A12D8 /* Comic Sans MS.ttf */,
				1F6E2279DD8D440BA5077EFD /* Courier New.ttf */,
				08DD9874D84C47C1966A7CFE /* Entypo.ttf */,
				C4020AAA33F145269CFF8C55 /* EvilIcons.ttf */,
				183F98794D6948E1A70607D0 /* FontAwesome.ttf */,
				5D559DC2BA694FFEA94F4A99 /* Foundation.ttf */,
				B20481342F4344F0A73E82D9 /* Georgia.ttf */,
				DDCA1175AC1B4718B0C08CF7 /* Ionicons.ttf */,
				BADB3C49AB024AA190F065A4 /* MaterialIcons.ttf */,
				2DD31DAB1F1B407080690C23 /* Microsoft Sans Serif.ttf */,
				A1CE745075864539BEF51EF3 /* Octicons.ttf */,
				DBCF880B283C47769B2E3242 /* Roboto_medium.ttf */,
				EEDEDAAD375D4B0F856ABB59 /* Roboto.ttf */,
				B718CCFBEB614105ABF6EEC4 /* rubicon-icon-font.ttf */,
				F82074F947784882AFC7F932 /* Rubik-Black.ttf */,
				9C1ADD79A6A142EE97CC00BA /* Rubik-BlackItalic.ttf */,
				CDB80045F29A4F62B293061F /* Rubik-Bold.ttf */,
				689C352696D04543B56B0783 /* Rubik-BoldItalic.ttf */,
				0D3787D8AD844491A2508D06 /* Rubik-Italic.ttf */,
				430523AADEDC4427B79B76B3 /* Rubik-Light.ttf */,
				39EE8D7E009D4B98922001BB /* Rubik-LightItalic.ttf */,
				0F1D9DA5DC0749D3BD7F701B /* Rubik-Medium.ttf */,
				BC0D0E1EC3B04058A1EA306D /* Rubik-MediumItalic.ttf */,
				72EDE904DD1C461DA2814091 /* Rubik-Regular.ttf */,
				0189AA94B39C4DA29BE46CFA /* SanFrancisco.ttf */,
				D32FDB5D175149C295985995 /* SanFranciscoBold.ttf */,
				AAD44C7FC44549A9BFE17CE0 /* SanFranciscoThin.ttf */,
				4780029ACFF64811AD7AF837 /* SF-UI-Text-Regular.otf */,
				5783D01137574B3BB91C8C67 /* Skia.ttf */,
				DB3B580A535D45E2B3CEADE8 /* Times New Roman.ttf */,
				5F0CA2BA8F3641D2B67B3322 /* Zocial.ttf */,
			);
			name = Resources;
			sourceTree = "<group>";
		};
		78C398B11ACF4ADC00677621 /* Products */ = {
			isa = PBXGroup;
			children = (
				78C398B91ACF4ADC00677621 /* libRCTLinking.a */,
				9284E33D1E79674B001692C6 /* libRCTLinking-tvOS.a */,
			);
			name = Products;
			sourceTree = "<group>";
		};
		832341AE1AAA6A7D00B99B32 /* Libraries */ = {
			isa = PBXGroup;
			children = (
				5E91572D1DD0AC6500FF2AA8 /* RCTAnimation.xcodeproj */,
				146833FF1AC3E56700842450 /* React.xcodeproj */,
				00C302A71ABCB8CE00DB3ED1 /* RCTActionSheet.xcodeproj */,
				00C302B51ABCB90400DB3ED1 /* RCTGeolocation.xcodeproj */,
				00C302BB1ABCB91800DB3ED1 /* RCTImage.xcodeproj */,
				78C398B01ACF4ADC00677621 /* RCTLinking.xcodeproj */,
				00C302D31ABCB9D200DB3ED1 /* RCTNetwork.xcodeproj */,
				139105B61AF99BAD00B5F7CC /* RCTSettings.xcodeproj */,
				832341B01AAA6A8300B99B32 /* RCTText.xcodeproj */,
				00C302DF1ABCB9EE00DB3ED1 /* RCTVibration.xcodeproj */,
				139FDEE61B06529A00C62182 /* RCTWebSocket.xcodeproj */,
				E6710A9189E84BAC95F5CB0B /* ReactNativeConfig.xcodeproj */,
				95ACD57653914ECBB9B0FB09 /* RNDeviceInfo.xcodeproj */,
				3F7502D3AB984A3C878CEBF5 /* RNI18n.xcodeproj */,
				FB29F82EE29849EF80BD4AD2 /* AirMaps.xcodeproj */,
				4141EA76387244C69B60A0D8 /* RNVectorIcons.xcodeproj */,
				C51A3F83A30A4760851E778C /* RCTFBLogin.xcodeproj */,
			);
			name = Libraries;
			sourceTree = "<group>";
		};
		832341B11AAA6A8300B99B32 /* Products */ = {
			isa = PBXGroup;
			children = (
				832341B51AAA6A8300B99B32 /* libRCTText.a */,
				9284E3491E79674B001692C6 /* libRCTText-tvOS.a */,
			);
			name = Products;
			sourceTree = "<group>";
		};
		83CBB9F61A601CBA00E9B192 = {
			isa = PBXGroup;
			children = (
				13B07FAE1A68108700A75B9A /* smaignite */,
				832341AE1AAA6A7D00B99B32 /* Libraries */,
				00E356EF1AD99517003FC87E /* smaigniteTests */,
				83CBBA001A601CBA00E9B192 /* Products */,
				6AE06D861F5E48F98727605B /* Resources */,
				083B7A07037648F587475D62 /* Frameworks */,
			);
			indentWidth = 2;
			sourceTree = "<group>";
			tabWidth = 2;
		};
		83CBBA001A601CBA00E9B192 /* Products */ = {
			isa = PBXGroup;
			children = (
				13B07F961A680F5B00A75B9A /* smaignite.app */,
				00E356EE1AD99517003FC87E /* smaigniteTests.xctest */,
			);
			name = Products;
			sourceTree = "<group>";
		};
		9284E31E1E79674A001692C6 /* Products */ = {
			isa = PBXGroup;
			children = (
				9284E32E1E79674B001692C6 /* libAirMaps.a */,
			);
			name = Products;
			sourceTree = "<group>";
		};
		9284E3201E79674A001692C6 /* Products */ = {
			isa = PBXGroup;
			children = (
				9284E35F1E79674C001692C6 /* libRNI18n.a */,
				9284E3611E79674C001692C6 /* RNI18nTests.xctest */,
			);
			name = Products;
			sourceTree = "<group>";
		};
		9284E3221E79674A001692C6 /* Products */ = {
			isa = PBXGroup;
			children = (
				9284E3581E79674B001692C6 /* libRNDeviceInfo.a */,
			);
			name = Products;
			sourceTree = "<group>";
		};
		9284E3241E79674A001692C6 /* Products */ = {
			isa = PBXGroup;
			children = (
				9284E3551E79674B001692C6 /* libReactNativeConfig.a */,
			);
			name = Products;
			sourceTree = "<group>";
		};
		9284E3261E79674A001692C6 /* Products */ = {
			isa = PBXGroup;
			children = (
				9284E3341E79674B001692C6 /* libRCTFBLogin.a */,
			);
			name = Products;
			sourceTree = "<group>";
		};
		9284E3281E79674A001692C6 /* Products */ = {
			isa = PBXGroup;
			children = (
				9284E3641E79674C001692C6 /* libRNVectorIcons.a */,
			);
			name = Products;
			sourceTree = "<group>";
		};
/* End PBXGroup section */

/* Begin PBXNativeTarget section */
		00E356ED1AD99517003FC87E /* smaigniteTests */ = {
			isa = PBXNativeTarget;
			buildConfigurationList = 00E357021AD99517003FC87E /* Build configuration list for PBXNativeTarget "smaigniteTests" */;
			buildPhases = (
				00E356EA1AD99517003FC87E /* Sources */,
				00E356EB1AD99517003FC87E /* Frameworks */,
				00E356EC1AD99517003FC87E /* Resources */,
			);
			buildRules = (
			);
			dependencies = (
				00E356F51AD99517003FC87E /* PBXTargetDependency */,
			);
			name = smaigniteTests;
			productName = smaigniteTests;
			productReference = 00E356EE1AD99517003FC87E /* smaigniteTests.xctest */;
			productType = "com.apple.product-type.bundle.unit-test";
		};
		13B07F861A680F5B00A75B9A /* smaignite */ = {
			isa = PBXNativeTarget;
			buildConfigurationList = 13B07F931A680F5B00A75B9A /* Build configuration list for PBXNativeTarget "smaignite" */;
			buildPhases = (
				13B07F871A680F5B00A75B9A /* Sources */,
				13B07F8E1A680F5B00A75B9A /* Resources */,
				13B07F8C1A680F5B00A75B9A /* Frameworks */,
				00DD1BFF1BD5951E006B06BC /* Bundle React Native code and images */,
			);
			buildRules = (
			);
			dependencies = (
			);
			name = smaignite;
			productName = "Hello World";
			productReference = 13B07F961A680F5B00A75B9A /* smaignite.app */;
			productType = "com.apple.product-type.application";
		};
/* End PBXNativeTarget section */

/* Begin PBXProject section */
		83CBB9F71A601CBA00E9B192 /* Project object */ = {
			isa = PBXProject;
			attributes = {
				LastUpgradeCheck = 0820;
				ORGANIZATIONNAME = Facebook;
				TargetAttributes = {
					00E356ED1AD99517003FC87E = {
						CreatedOnToolsVersion = 6.2;
						DevelopmentTeam = M6H3K33345;
						TestTargetID = 13B07F861A680F5B00A75B9A;
					};
					13B07F861A680F5B00A75B9A = {
						DevelopmentTeam = M6H3K33345;
						ProvisioningStyle = Automatic;
					};
				};
			};
			buildConfigurationList = 83CBB9FA1A601CBA00E9B192 /* Build configuration list for PBXProject "smaignite" */;
			compatibilityVersion = "Xcode 3.2";
			developmentRegion = English;
			hasScannedForEncodings = 0;
			knownRegions = (
				en,
				Base,
			);
			mainGroup = 83CBB9F61A601CBA00E9B192;
			productRefGroup = 83CBBA001A601CBA00E9B192 /* Products */;
			projectDirPath = "";
			projectReferences = (
				{
					ProductGroup = 9284E31E1E79674A001692C6 /* Products */;
					ProjectRef = FB29F82EE29849EF80BD4AD2 /* AirMaps.xcodeproj */;
				},
				{
					ProductGroup = 00C302A81ABCB8CE00DB3ED1 /* Products */;
					ProjectRef = 00C302A71ABCB8CE00DB3ED1 /* RCTActionSheet.xcodeproj */;
				},
				{
					ProductGroup = 5E91572E1DD0AC6500FF2AA8 /* Products */;
					ProjectRef = 5E91572D1DD0AC6500FF2AA8 /* RCTAnimation.xcodeproj */;
				},
				{
					ProductGroup = 9284E3261E79674A001692C6 /* Products */;
					ProjectRef = C51A3F83A30A4760851E778C /* RCTFBLogin.xcodeproj */;
				},
				{
					ProductGroup = 00C302B61ABCB90400DB3ED1 /* Products */;
					ProjectRef = 00C302B51ABCB90400DB3ED1 /* RCTGeolocation.xcodeproj */;
				},
				{
					ProductGroup = 00C302BC1ABCB91800DB3ED1 /* Products */;
					ProjectRef = 00C302BB1ABCB91800DB3ED1 /* RCTImage.xcodeproj */;
				},
				{
					ProductGroup = 78C398B11ACF4ADC00677621 /* Products */;
					ProjectRef = 78C398B01ACF4ADC00677621 /* RCTLinking.xcodeproj */;
				},
				{
					ProductGroup = 00C302D41ABCB9D200DB3ED1 /* Products */;
					ProjectRef = 00C302D31ABCB9D200DB3ED1 /* RCTNetwork.xcodeproj */;
				},
				{
					ProductGroup = 139105B71AF99BAD00B5F7CC /* Products */;
					ProjectRef = 139105B61AF99BAD00B5F7CC /* RCTSettings.xcodeproj */;
				},
				{
					ProductGroup = 832341B11AAA6A8300B99B32 /* Products */;
					ProjectRef = 832341B01AAA6A8300B99B32 /* RCTText.xcodeproj */;
				},
				{
					ProductGroup = 00C302E01ABCB9EE00DB3ED1 /* Products */;
					ProjectRef = 00C302DF1ABCB9EE00DB3ED1 /* RCTVibration.xcodeproj */;
				},
				{
					ProductGroup = 139FDEE71B06529A00C62182 /* Products */;
					ProjectRef = 139FDEE61B06529A00C62182 /* RCTWebSocket.xcodeproj */;
				},
				{
					ProductGroup = 146834001AC3E56700842450 /* Products */;
					ProjectRef = 146833FF1AC3E56700842450 /* React.xcodeproj */;
				},
				{
					ProductGroup = 9284E3241E79674A001692C6 /* Products */;
					ProjectRef = E6710A9189E84BAC95F5CB0B /* ReactNativeConfig.xcodeproj */;
				},
				{
					ProductGroup = 9284E3221E79674A001692C6 /* Products */;
					ProjectRef = 95ACD57653914ECBB9B0FB09 /* RNDeviceInfo.xcodeproj */;
				},
				{
					ProductGroup = 9284E3201E79674A001692C6 /* Products */;
					ProjectRef = 3F7502D3AB984A3C878CEBF5 /* RNI18n.xcodeproj */;
				},
				{
					ProductGroup = 9284E3281E79674A001692C6 /* Products */;
					ProjectRef = 4141EA76387244C69B60A0D8 /* RNVectorIcons.xcodeproj */;
				},
			);
			projectRoot = "";
			targets = (
				13B07F861A680F5B00A75B9A /* smaignite */,
				00E356ED1AD99517003FC87E /* smaigniteTests */,
			);
		};
/* End PBXProject section */

/* Begin PBXReferenceProxy section */
		00C302AC1ABCB8CE00DB3ED1 /* libRCTActionSheet.a */ = {
			isa = PBXReferenceProxy;
			fileType = archive.ar;
			path = libRCTActionSheet.a;
			remoteRef = 00C302AB1ABCB8CE00DB3ED1 /* PBXContainerItemProxy */;
			sourceTree = BUILT_PRODUCTS_DIR;
		};
		00C302BA1ABCB90400DB3ED1 /* libRCTGeolocation.a */ = {
			isa = PBXReferenceProxy;
			fileType = archive.ar;
			path = libRCTGeolocation.a;
			remoteRef = 00C302B91ABCB90400DB3ED1 /* PBXContainerItemProxy */;
			sourceTree = BUILT_PRODUCTS_DIR;
		};
		00C302C01ABCB91800DB3ED1 /* libRCTImage.a */ = {
			isa = PBXReferenceProxy;
			fileType = archive.ar;
			path = libRCTImage.a;
			remoteRef = 00C302BF1ABCB91800DB3ED1 /* PBXContainerItemProxy */;
			sourceTree = BUILT_PRODUCTS_DIR;
		};
		00C302DC1ABCB9D200DB3ED1 /* libRCTNetwork.a */ = {
			isa = PBXReferenceProxy;
			fileType = archive.ar;
			path = libRCTNetwork.a;
			remoteRef = 00C302DB1ABCB9D200DB3ED1 /* PBXContainerItemProxy */;
			sourceTree = BUILT_PRODUCTS_DIR;
		};
		00C302E41ABCB9EE00DB3ED1 /* libRCTVibration.a */ = {
			isa = PBXReferenceProxy;
			fileType = archive.ar;
			path = libRCTVibration.a;
			remoteRef = 00C302E31ABCB9EE00DB3ED1 /* PBXContainerItemProxy */;
			sourceTree = BUILT_PRODUCTS_DIR;
		};
		139105C11AF99BAD00B5F7CC /* libRCTSettings.a */ = {
			isa = PBXReferenceProxy;
			fileType = archive.ar;
			path = libRCTSettings.a;
			remoteRef = 139105C01AF99BAD00B5F7CC /* PBXContainerItemProxy */;
			sourceTree = BUILT_PRODUCTS_DIR;
		};
		139FDEF41B06529B00C62182 /* libRCTWebSocket.a */ = {
			isa = PBXReferenceProxy;
			fileType = archive.ar;
			path = libRCTWebSocket.a;
			remoteRef = 139FDEF31B06529B00C62182 /* PBXContainerItemProxy */;
			sourceTree = BUILT_PRODUCTS_DIR;
		};
		146834041AC3E56700842450 /* libReact.a */ = {
			isa = PBXReferenceProxy;
			fileType = archive.ar;
			path = libReact.a;
			remoteRef = 146834031AC3E56700842450 /* PBXContainerItemProxy */;
			sourceTree = BUILT_PRODUCTS_DIR;
		};
		5E9157331DD0AC6500FF2AA8 /* libRCTAnimation.a */ = {
			isa = PBXReferenceProxy;
			fileType = archive.ar;
			path = libRCTAnimation.a;
			remoteRef = 5E9157321DD0AC6500FF2AA8 /* PBXContainerItemProxy */;
			sourceTree = BUILT_PRODUCTS_DIR;
		};
		5E9157351DD0AC6500FF2AA8 /* libRCTAnimation-tvOS.a */ = {
			isa = PBXReferenceProxy;
			fileType = archive.ar;
			path = "libRCTAnimation-tvOS.a";
			remoteRef = 5E9157341DD0AC6500FF2AA8 /* PBXContainerItemProxy */;
			sourceTree = BUILT_PRODUCTS_DIR;
		};
		78C398B91ACF4ADC00677621 /* libRCTLinking.a */ = {
			isa = PBXReferenceProxy;
			fileType = archive.ar;
			path = libRCTLinking.a;
			remoteRef = 78C398B81ACF4ADC00677621 /* PBXContainerItemProxy */;
			sourceTree = BUILT_PRODUCTS_DIR;
		};
		832341B51AAA6A8300B99B32 /* libRCTText.a */ = {
			isa = PBXReferenceProxy;
			fileType = archive.ar;
			path = libRCTText.a;
			remoteRef = 832341B41AAA6A8300B99B32 /* PBXContainerItemProxy */;
			sourceTree = BUILT_PRODUCTS_DIR;
		};
		9284E32E1E79674B001692C6 /* libAirMaps.a */ = {
			isa = PBXReferenceProxy;
			fileType = archive.ar;
			path = libAirMaps.a;
			remoteRef = 9284E32D1E79674B001692C6 /* PBXContainerItemProxy */;
			sourceTree = BUILT_PRODUCTS_DIR;
		};
		9284E3341E79674B001692C6 /* libRCTFBLogin.a */ = {
			isa = PBXReferenceProxy;
			fileType = archive.ar;
			path = libRCTFBLogin.a;
			remoteRef = 9284E3331E79674B001692C6 /* PBXContainerItemProxy */;
			sourceTree = BUILT_PRODUCTS_DIR;
		};
		9284E3391E79674B001692C6 /* libRCTImage-tvOS.a */ = {
			isa = PBXReferenceProxy;
			fileType = archive.ar;
			path = "libRCTImage-tvOS.a";
			remoteRef = 9284E3381E79674B001692C6 /* PBXContainerItemProxy */;
			sourceTree = BUILT_PRODUCTS_DIR;
		};
		9284E33D1E79674B001692C6 /* libRCTLinking-tvOS.a */ = {
			isa = PBXReferenceProxy;
			fileType = archive.ar;
			path = "libRCTLinking-tvOS.a";
			remoteRef = 9284E33C1E79674B001692C6 /* PBXContainerItemProxy */;
			sourceTree = BUILT_PRODUCTS_DIR;
		};
		9284E3411E79674B001692C6 /* libRCTNetwork-tvOS.a */ = {
			isa = PBXReferenceProxy;
			fileType = archive.ar;
			path = "libRCTNetwork-tvOS.a";
			remoteRef = 9284E3401E79674B001692C6 /* PBXContainerItemProxy */;
			sourceTree = BUILT_PRODUCTS_DIR;
		};
		9284E3451E79674B001692C6 /* libRCTSettings-tvOS.a */ = {
			isa = PBXReferenceProxy;
			fileType = archive.ar;
			path = "libRCTSettings-tvOS.a";
			remoteRef = 9284E3441E79674B001692C6 /* PBXContainerItemProxy */;
			sourceTree = BUILT_PRODUCTS_DIR;
		};
		9284E3491E79674B001692C6 /* libRCTText-tvOS.a */ = {
			isa = PBXReferenceProxy;
			fileType = archive.ar;
			path = "libRCTText-tvOS.a";
			remoteRef = 9284E3481E79674B001692C6 /* PBXContainerItemProxy */;
			sourceTree = BUILT_PRODUCTS_DIR;
		};
		9284E34E1E79674B001692C6 /* libRCTWebSocket-tvOS.a */ = {
			isa = PBXReferenceProxy;
			fileType = archive.ar;
			path = "libRCTWebSocket-tvOS.a";
			remoteRef = 9284E34D1E79674B001692C6 /* PBXContainerItemProxy */;
			sourceTree = BUILT_PRODUCTS_DIR;
		};
		9284E3521E79674B001692C6 /* libReact-tvOS.a */ = {
			isa = PBXReferenceProxy;
			fileType = archive.ar;
			path = "libReact-tvOS.a";
			remoteRef = 9284E3511E79674B001692C6 /* PBXContainerItemProxy */;
			sourceTree = BUILT_PRODUCTS_DIR;
		};
		9284E3551E79674B001692C6 /* libReactNativeConfig.a */ = {
			isa = PBXReferenceProxy;
			fileType = archive.ar;
			path = libReactNativeConfig.a;
			remoteRef = 9284E3541E79674B001692C6 /* PBXContainerItemProxy */;
			sourceTree = BUILT_PRODUCTS_DIR;
		};
		9284E3581E79674B001692C6 /* libRNDeviceInfo.a */ = {
			isa = PBXReferenceProxy;
			fileType = archive.ar;
			path = libRNDeviceInfo.a;
			remoteRef = 9284E3571E79674B001692C6 /* PBXContainerItemProxy */;
			sourceTree = BUILT_PRODUCTS_DIR;
		};
		9284E35F1E79674C001692C6 /* libRNI18n.a */ = {
			isa = PBXReferenceProxy;
			fileType = archive.ar;
			path = libRNI18n.a;
			remoteRef = 9284E35E1E79674C001692C6 /* PBXContainerItemProxy */;
			sourceTree = BUILT_PRODUCTS_DIR;
		};
		9284E3611E79674C001692C6 /* RNI18nTests.xctest */ = {
			isa = PBXReferenceProxy;
			fileType = wrapper.cfbundle;
			path = RNI18nTests.xctest;
			remoteRef = 9284E3601E79674C001692C6 /* PBXContainerItemProxy */;
			sourceTree = BUILT_PRODUCTS_DIR;
		};
		9284E3641E79674C001692C6 /* libRNVectorIcons.a */ = {
			isa = PBXReferenceProxy;
			fileType = archive.ar;
			path = libRNVectorIcons.a;
			remoteRef = 9284E3631E79674C001692C6 /* PBXContainerItemProxy */;
			sourceTree = BUILT_PRODUCTS_DIR;
		};
/* End PBXReferenceProxy section */

/* Begin PBXResourcesBuildPhase section */
		00E356EC1AD99517003FC87E /* Resources */ = {
			isa = PBXResourcesBuildPhase;
			buildActionMask = 2147483647;
			files = (
			);
			runOnlyForDeploymentPostprocessing = 0;
		};
		13B07F8E1A680F5B00A75B9A /* Resources */ = {
			isa = PBXResourcesBuildPhase;
			buildActionMask = 2147483647;
			files = (
				13B07FBF1A68108700A75B9A /* Images.xcassets in Resources */,
				13B07FBD1A68108700A75B9A /* LaunchScreen.xib in Resources */,
				12E408592A204661BEC82B0B /* Entypo.ttf in Resources */,
				03829668D9F04EEEA9A29038 /* EvilIcons.ttf in Resources */,
				2E27D4EAF45F46BDA4F24446 /* FontAwesome.ttf in Resources */,
				A50D992948814118B4EB2DAB /* Foundation.ttf in Resources */,
				76880EA25CDE43BD9400C609 /* Ionicons.ttf in Resources */,
				2E1F99F8B55F47D1B36FB070 /* MaterialIcons.ttf in Resources */,
				7E912220669A4D6CA56B008F /* Octicons.ttf in Resources */,
				EBB6FD1801C1474BAD2F22C9 /* SimpleLineIcons.ttf in Resources */,
				7BB3FB8606444628BD567028 /* Zocial.ttf in Resources */,
				CE866F90A4354DE88A35568C /* Andale Mono.ttf in Resources */,
				077DB2ED8AAD4296A1AF7901 /* Arial Black.ttf in Resources */,
				253E2BDD4954475CBB754B87 /* Arial.ttf in Resources */,
				7EB8B09FC70C4666A3971943 /* Comic Sans MS.ttf in Resources */,
				1AFC1DF72F4D438F837B0C32 /* Courier New.ttf in Resources */,
				77C26DD0963345B4A24DAE78 /* Entypo.ttf in Resources */,
				C1F82A32CEFC4B61A9EE860C /* EvilIcons.ttf in Resources */,
				0B21F7BF2AAF4B4097D923B9 /* FontAwesome.ttf in Resources */,
				8CB96D2E357C4114BBD676DB /* Foundation.ttf in Resources */,
				8E5CC1D5707848A592010D25 /* Georgia.ttf in Resources */,
				D3DA0C5F0D344A2E9B915989 /* Ionicons.ttf in Resources */,
				39B1E5C908BF46BEA0B6B0B9 /* MaterialIcons.ttf in Resources */,
				D5BB6E6EF97244618642E25E /* Microsoft Sans Serif.ttf in Resources */,
				16E752CF7A964E97B02C95F3 /* Octicons.ttf in Resources */,
				7845776BF20F46E2A1CDC130 /* Roboto_medium.ttf in Resources */,
				5916EE5C5A994613883952C1 /* Roboto.ttf in Resources */,
				B63A938AD9A14D6DA1C2BECE /* rubicon-icon-font.ttf in Resources */,
				A32BA1D100F1429B81F6F61B /* Rubik-Black.ttf in Resources */,
				C9A5A994677B48939961B914 /* Rubik-BlackItalic.ttf in Resources */,
				B6BCDBD1ED3A44BA9A831256 /* Rubik-Bold.ttf in Resources */,
				554B44125F8F4ED98CBB96F1 /* Rubik-BoldItalic.ttf in Resources */,
				8C748755094040A5BCF5123D /* Rubik-Italic.ttf in Resources */,
				9F3450AC3B784E32B52A67EF /* Rubik-Light.ttf in Resources */,
				FE820B31E17A4121A7ADC922 /* Rubik-LightItalic.ttf in Resources */,
				778BD62D810146F493503026 /* Rubik-Medium.ttf in Resources */,
				DEAB54EF18264224A9F8E161 /* Rubik-MediumItalic.ttf in Resources */,
				C5F24DB8CF3544E7A916F1C6 /* Rubik-Regular.ttf in Resources */,
				CCFE92DAF16549D3BAB1D0CB /* SanFrancisco.ttf in Resources */,
				33EDC73596AD4B4B8C4F0729 /* SanFranciscoBold.ttf in Resources */,
				F94E82C1A672494C954A63B5 /* SanFranciscoThin.ttf in Resources */,
				94F4C53458F54AB1B4C38818 /* SF-UI-Text-Regular.otf in Resources */,
				7ACC92714C7849B18E59AEE8 /* Skia.ttf in Resources */,
				0292255583834594AAE55323 /* Times New Roman.ttf in Resources */,
				4D3A443111534585A2F3C670 /* Zocial.ttf in Resources */,
			);
			runOnlyForDeploymentPostprocessing = 0;
		};
/* End PBXResourcesBuildPhase section */

/* Begin PBXShellScriptBuildPhase section */
		00DD1BFF1BD5951E006B06BC /* Bundle React Native code and images */ = {
			isa = PBXShellScriptBuildPhase;
			buildActionMask = 2147483647;
			files = (
			);
			inputPaths = (
			);
			name = "Bundle React Native code and images";
			outputPaths = (
			);
			runOnlyForDeploymentPostprocessing = 0;
			shellPath = /bin/sh;
			shellScript = "export NODE_BINARY=node\n../node_modules/react-native/packager/react-native-xcode.sh";
		};
/* End PBXShellScriptBuildPhase section */

/* Begin PBXSourcesBuildPhase section */
		00E356EA1AD99517003FC87E /* Sources */ = {
			isa = PBXSourcesBuildPhase;
			buildActionMask = 2147483647;
			files = (
				00E356F31AD99517003FC87E /* smaigniteTests.m in Sources */,
			);
			runOnlyForDeploymentPostprocessing = 0;
		};
		13B07F871A680F5B00A75B9A /* Sources */ = {
			isa = PBXSourcesBuildPhase;
			buildActionMask = 2147483647;
			files = (
				13B07FBC1A68108700A75B9A /* AppDelegate.m in Sources */,
				13B07FC11A68108700A75B9A /* main.m in Sources */,
			);
			runOnlyForDeploymentPostprocessing = 0;
		};
/* End PBXSourcesBuildPhase section */

/* Begin PBXTargetDependency section */
		00E356F51AD99517003FC87E /* PBXTargetDependency */ = {
			isa = PBXTargetDependency;
			target = 13B07F861A680F5B00A75B9A /* smaignite */;
			targetProxy = 00E356F41AD99517003FC87E /* PBXContainerItemProxy */;
		};
/* End PBXTargetDependency section */

/* Begin PBXVariantGroup section */
		13B07FB11A68108700A75B9A /* LaunchScreen.xib */ = {
			isa = PBXVariantGroup;
			children = (
				13B07FB21A68108700A75B9A /* Base */,
			);
			name = LaunchScreen.xib;
			path = smaignite;
			sourceTree = "<group>";
		};
/* End PBXVariantGroup section */

/* Begin XCBuildConfiguration section */
		00E356F61AD99517003FC87E /* Debug */ = {
			isa = XCBuildConfiguration;
			buildSettings = {
				BUNDLE_LOADER = "$(TEST_HOST)";
				DEVELOPMENT_TEAM = M6H3K33345;
				GCC_PREPROCESSOR_DEFINITIONS = (
					"DEBUG=1",
					"$(inherited)",
				);
				INFOPLIST_FILE = smaigniteTests/Info.plist;
				IPHONEOS_DEPLOYMENT_TARGET = 8.0;
				LD_RUNPATH_SEARCH_PATHS = "$(inherited) @executable_path/Frameworks @loader_path/Frameworks";
				LIBRARY_SEARCH_PATHS = (
					"$(inherited)",
					"\"$(SRCROOT)/$(TARGET_NAME)\"",
					"\"$(SRCROOT)/$(TARGET_NAME)\"",
					"\"$(SRCROOT)/$(TARGET_NAME)\"",
					"\"$(SRCROOT)/$(TARGET_NAME)\"",
					"\"$(SRCROOT)/$(TARGET_NAME)\"",
					"\"$(SRCROOT)/$(TARGET_NAME)\"",
					"\"$(SRCROOT)/$(TARGET_NAME)\"",
				);
				PRODUCT_BUNDLE_IDENTIFIER = "org.reactjs.native.example.$(PRODUCT_NAME:rfc1034identifier)";
				PRODUCT_NAME = "$(TARGET_NAME)";
				TEST_HOST = "$(BUILT_PRODUCTS_DIR)/smaignite.app/smaignite";
			};
			name = Debug;
		};
		00E356F71AD99517003FC87E /* Release */ = {
			isa = XCBuildConfiguration;
			buildSettings = {
				BUNDLE_LOADER = "$(TEST_HOST)";
				COPY_PHASE_STRIP = NO;
				DEVELOPMENT_TEAM = M6H3K33345;
				INFOPLIST_FILE = smaigniteTests/Info.plist;
				IPHONEOS_DEPLOYMENT_TARGET = 8.0;
				LD_RUNPATH_SEARCH_PATHS = "$(inherited) @executable_path/Frameworks @loader_path/Frameworks";
				LIBRARY_SEARCH_PATHS = (
					"$(inherited)",
					"\"$(SRCROOT)/$(TARGET_NAME)\"",
					"\"$(SRCROOT)/$(TARGET_NAME)\"",
					"\"$(SRCROOT)/$(TARGET_NAME)\"",
					"\"$(SRCROOT)/$(TARGET_NAME)\"",
					"\"$(SRCROOT)/$(TARGET_NAME)\"",
					"\"$(SRCROOT)/$(TARGET_NAME)\"",
					"\"$(SRCROOT)/$(TARGET_NAME)\"",
				);
				PRODUCT_BUNDLE_IDENTIFIER = "org.reactjs.native.example.$(PRODUCT_NAME:rfc1034identifier)";
				PRODUCT_NAME = "$(TARGET_NAME)";
				TEST_HOST = "$(BUILT_PRODUCTS_DIR)/smaignite.app/smaignite";
			};
			name = Release;
		};
		13B07F941A680F5B00A75B9A /* Debug */ = {
			isa = XCBuildConfiguration;
			buildSettings = {
				ASSETCATALOG_COMPILER_APPICON_NAME = AppIcon;
				"CODE_SIGN_IDENTITY[sdk=iphoneos*]" = "iPhone Developer";
				CURRENT_PROJECT_VERSION = 1;
				DEAD_CODE_STRIPPING = NO;
				DEVELOPMENT_TEAM = M6H3K33345;
				FRAMEWORK_SEARCH_PATHS = "$(SRCROOT)/../node_modules/react-native-facebook-login/FacebookSDK";
				HEADER_SEARCH_PATHS = (
					"$(inherited)",
					"$(SRCROOT)/../node_modules/react-native/React/**",
					"$(SRCROOT)/../node_modules/react-native/ReactCommon/**",
					"$(SRCROOT)..",
					ode_modules,
					"eact-native-configiosReactNativeConfig",
					"$(SRCROOT)..",
					ode_modules,
					"eact-native-device-infoRNDeviceInfo",
					"$(SRCROOT)..",
					ode_modules,
					"eact-native-i18nRNI18n",
					"$(SRCROOT)..",
					ode_modules,
					"eact-native-mapsios/**",
					"$(SRCROOT)..",
					ode_modules,
					"eact-native-vector-iconsRNVectorIconsManager",
					"$(SRCROOT)..",
					ode_modules,
					"eact-native-facebook-loginRCTFBLogin/**",
					"$(SRCROOT)..",
					ode_modules,
					"eact-native-google-signiniosRNGoogleSignin/**",
					"$(SRCROOT)/../node_modules/react-native-google-sign-in/ios/RNGoogleSignIn",
				);
				INFOPLIST_FILE = smaignite/Info.plist;
				IPHONEOS_DEPLOYMENT_TARGET = 10.2;
				LD_RUNPATH_SEARCH_PATHS = "$(inherited) @executable_path/Frameworks";
				OTHER_LDFLAGS = (
					"$(inherited)",
					"-ObjC",
					"-lc++",
				);
				PRODUCT_BUNDLE_IDENTIFIER = "org.reactjs.native.example.$(PRODUCT_NAME:rfc1034identifier)";
				PRODUCT_NAME = smaignite;
				SWIFT_VERSION = "";
				"SWIFT_VERSION[arch=*]" = "";
				VERSIONING_SYSTEM = "apple-generic";
			};
			name = Debug;
		};
		13B07F951A680F5B00A75B9A /* Release */ = {
			isa = XCBuildConfiguration;
			buildSettings = {
				ASSETCATALOG_COMPILER_APPICON_NAME = AppIcon;
				"CODE_SIGN_IDENTITY[sdk=iphoneos*]" = "iPhone Developer";
				CURRENT_PROJECT_VERSION = 1;
				DEVELOPMENT_TEAM = M6H3K33345;
				FRAMEWORK_SEARCH_PATHS = "$(SRCROOT)/../node_modules/react-native-facebook-login/FacebookSDK";
				HEADER_SEARCH_PATHS = (
					"$(inherited)",
					"$(SRCROOT)/../node_modules/react-native/React/**",
					"$(SRCROOT)/../node_modules/react-native/ReactCommon/**",
					"$(SRCROOT)..",
					ode_modules,
					"eact-native-configiosReactNativeConfig",
					"$(SRCROOT)..",
					ode_modules,
					"eact-native-device-infoRNDeviceInfo",
					"$(SRCROOT)..",
					ode_modules,
					"eact-native-i18nRNI18n",
					"$(SRCROOT)..",
					ode_modules,
					"eact-native-mapsios/**",
					"$(SRCROOT)..",
					ode_modules,
					"eact-native-vector-iconsRNVectorIconsManager",
					"$(SRCROOT)..",
					ode_modules,
					"eact-native-facebook-loginRCTFBLogin/**",
					"$(SRCROOT)..",
					ode_modules,
					"eact-native-google-signiniosRNGoogleSignin/**",
					"$(SRCROOT)/../node_modules/react-native-google-sign-in/ios/RNGoogleSignIn",
				);
				INFOPLIST_FILE = smaignite/Info.plist;
				IPHONEOS_DEPLOYMENT_TARGET = 10.2;
				LD_RUNPATH_SEARCH_PATHS = "$(inherited) @executable_path/Frameworks";
				OTHER_LDFLAGS = (
					"$(inherited)",
					"-ObjC",
					"-lc++",
				);
				PRODUCT_BUNDLE_IDENTIFIER = "org.reactjs.native.example.$(PRODUCT_NAME:rfc1034identifier)";
				PRODUCT_NAME = smaignite;
				SWIFT_VERSION = "";
				"SWIFT_VERSION[arch=*]" = "";
				VERSIONING_SYSTEM = "apple-generic";
			};
			name = Release;
		};
		83CBBA201A601CBA00E9B192 /* Debug */ = {
			isa = XCBuildConfiguration;
			buildSettings = {
				ALWAYS_SEARCH_USER_PATHS = NO;
				CLANG_CXX_LANGUAGE_STANDARD = "gnu++0x";
				CLANG_CXX_LIBRARY = "libc++";
				CLANG_ENABLE_MODULES = YES;
				CLANG_ENABLE_OBJC_ARC = YES;
				CLANG_WARN_BOOL_CONVERSION = YES;
				CLANG_WARN_CONSTANT_CONVERSION = YES;
				CLANG_WARN_DIRECT_OBJC_ISA_USAGE = YES_ERROR;
				CLANG_WARN_EMPTY_BODY = YES;
				CLANG_WARN_ENUM_CONVERSION = YES;
				CLANG_WARN_INFINITE_RECURSION = YES;
				CLANG_WARN_INT_CONVERSION = YES;
				CLANG_WARN_OBJC_ROOT_CLASS = YES_ERROR;
				CLANG_WARN_SUSPICIOUS_MOVE = YES;
				CLANG_WARN_UNREACHABLE_CODE = YES;
				CLANG_WARN__DUPLICATE_METHOD_MATCH = YES;
				"CODE_SIGN_IDENTITY[sdk=iphoneos*]" = "iPhone Developer";
				COPY_PHASE_STRIP = NO;
				ENABLE_STRICT_OBJC_MSGSEND = YES;
				ENABLE_TESTABILITY = YES;
				GCC_C_LANGUAGE_STANDARD = gnu99;
				GCC_DYNAMIC_NO_PIC = NO;
				GCC_NO_COMMON_BLOCKS = YES;
				GCC_OPTIMIZATION_LEVEL = 0;
				GCC_PREPROCESSOR_DEFINITIONS = (
					"DEBUG=1",
					"$(inherited)",
				);
				GCC_SYMBOLS_PRIVATE_EXTERN = NO;
				GCC_WARN_64_TO_32_BIT_CONVERSION = YES;
				GCC_WARN_ABOUT_RETURN_TYPE = YES_ERROR;
				GCC_WARN_UNDECLARED_SELECTOR = YES;
				GCC_WARN_UNINITIALIZED_AUTOS = YES_AGGRESSIVE;
				GCC_WARN_UNUSED_FUNCTION = YES;
				GCC_WARN_UNUSED_VARIABLE = YES;
				HEADER_SEARCH_PATHS = (
					"$(inherited)",
					"$(SRCROOT)/../node_modules/react-native/React/**",
					"$(SRCROOT)/../node_modules/react-native/ReactCommon/**",
					"$(SRCROOT)..",
					ode_modules,
					"eact-native-configiosReactNativeConfig",
					"$(SRCROOT)..",
					ode_modules,
					"eact-native-device-infoRNDeviceInfo",
					"$(SRCROOT)..",
					ode_modules,
					"eact-native-i18nRNI18n",
					"$(SRCROOT)..",
					ode_modules,
					"eact-native-mapsios/**",
					"$(SRCROOT)..",
					ode_modules,
					"eact-native-vector-iconsRNVectorIconsManager",
					"$(SRCROOT)..",
					ode_modules,
					"eact-native-facebook-loginRCTFBLogin/**",
					"$(SRCROOT)..",
					ode_modules,
				);
				IPHONEOS_DEPLOYMENT_TARGET = 8.0;
				MTL_ENABLE_DEBUG_INFO = YES;
				ONLY_ACTIVE_ARCH = YES;
				SDKROOT = iphoneos;
				SWIFT_VERSION = 3.0;
				"SWIFT_VERSION[arch=*]" = 3.0;
			};
			name = Debug;
		};
		83CBBA211A601CBA00E9B192 /* Release */ = {
			isa = XCBuildConfiguration;
			buildSettings = {
				ALWAYS_SEARCH_USER_PATHS = NO;
				CLANG_CXX_LANGUAGE_STANDARD = "gnu++0x";
				CLANG_CXX_LIBRARY = "libc++";
				CLANG_ENABLE_MODULES = YES;
				CLANG_ENABLE_OBJC_ARC = YES;
				CLANG_WARN_BOOL_CONVERSION = YES;
				CLANG_WARN_CONSTANT_CONVERSION = YES;
				CLANG_WARN_DIRECT_OBJC_ISA_USAGE = YES_ERROR;
				CLANG_WARN_EMPTY_BODY = YES;
				CLANG_WARN_ENUM_CONVERSION = YES;
				CLANG_WARN_INFINITE_RECURSION = YES;
				CLANG_WARN_INT_CONVERSION = YES;
				CLANG_WARN_OBJC_ROOT_CLASS = YES_ERROR;
				CLANG_WARN_SUSPICIOUS_MOVE = YES;
				CLANG_WARN_UNREACHABLE_CODE = YES;
				CLANG_WARN__DUPLICATE_METHOD_MATCH = YES;
				"CODE_SIGN_IDENTITY[sdk=iphoneos*]" = "iPhone Developer";
				COPY_PHASE_STRIP = YES;
				ENABLE_NS_ASSERTIONS = NO;
				ENABLE_STRICT_OBJC_MSGSEND = YES;
				GCC_C_LANGUAGE_STANDARD = gnu99;
				GCC_NO_COMMON_BLOCKS = YES;
				GCC_WARN_64_TO_32_BIT_CONVERSION = YES;
				GCC_WARN_ABOUT_RETURN_TYPE = YES_ERROR;
				GCC_WARN_UNDECLARED_SELECTOR = YES;
				GCC_WARN_UNINITIALIZED_AUTOS = YES_AGGRESSIVE;
				GCC_WARN_UNUSED_FUNCTION = YES;
				GCC_WARN_UNUSED_VARIABLE = YES;
				HEADER_SEARCH_PATHS = (
					"$(inherited)",
					"$(SRCROOT)/../node_modules/react-native/React/**",
					"$(SRCROOT)/../node_modules/react-native/ReactCommon/**",
					"$(SRCROOT)..",
					ode_modules,
					"eact-native-configiosReactNativeConfig",
					"$(SRCROOT)..",
					ode_modules,
					"eact-native-device-infoRNDeviceInfo",
					"$(SRCROOT)..",
					ode_modules,
					"eact-native-i18nRNI18n",
					"$(SRCROOT)..",
					ode_modules,
					"eact-native-mapsios/**",
					"$(SRCROOT)..",
					ode_modules,
					"eact-native-vector-iconsRNVectorIconsManager",
					"$(SRCROOT)..",
					ode_modules,
					"eact-native-facebook-loginRCTFBLogin/**",
					"$(SRCROOT)..",
					ode_modules,
				);
				IPHONEOS_DEPLOYMENT_TARGET = 8.0;
				MTL_ENABLE_DEBUG_INFO = NO;
				SDKROOT = iphoneos;
				SWIFT_OPTIMIZATION_LEVEL = "-Owholemodule";
				SWIFT_VERSION = 3.0;
				"SWIFT_VERSION[arch=*]" = 3.0;
				VALIDATE_PRODUCT = YES;
			};
			name = Release;
		};
/* End XCBuildConfiguration section */

/* Begin XCConfigurationList section */
		00E357021AD99517003FC87E /* Build configuration list for PBXNativeTarget "smaigniteTests" */ = {
			isa = XCConfigurationList;
			buildConfigurations = (
				00E356F61AD99517003FC87E /* Debug */,
				00E356F71AD99517003FC87E /* Release */,
			);
			defaultConfigurationIsVisible = 0;
			defaultConfigurationName = Release;
		};
		13B07F931A680F5B00A75B9A /* Build configuration list for PBXNativeTarget "smaignite" */ = {
			isa = XCConfigurationList;
			buildConfigurations = (
				13B07F941A680F5B00A75B9A /* Debug */,
				13B07F951A680F5B00A75B9A /* Release */,
			);
			defaultConfigurationIsVisible = 0;
			defaultConfigurationName = Release;
		};
		83CBB9FA1A601CBA00E9B192 /* Build configuration list for PBXProject "smaignite" */ = {
			isa = XCConfigurationList;
			buildConfigurations = (
				83CBBA201A601CBA00E9B192 /* Debug */,
				83CBBA211A601CBA00E9B192 /* Release */,
			);
			defaultConfigurationIsVisible = 0;
			defaultConfigurationName = Release;
		};
/* End XCConfigurationList section */
	};
	rootObject = 83CBB9F71A601CBA00E9B192 /* Project object */;
}
